// !$*UTF8*$!
{
	archiveVersion = 1;
	classes = {
	};
	objectVersion = 56;
	objects = {

/* Begin PBXBuildFile section */
		08397EA729F18BAB008F8F14 /* AuthenticationRoutes.swift in Sources */ = {isa = PBXBuildFile; fileRef = 08397EA629F18BAB008F8F14 /* AuthenticationRoutes.swift */; };
		08397EA929F3DAAF008F8F14 /* NetworkError.swift in Sources */ = {isa = PBXBuildFile; fileRef = 08397EA829F3DAAF008F8F14 /* NetworkError.swift */; };
		08397EAC29F9140E008F8F14 /* ProfileViewController.swift in Sources */ = {isa = PBXBuildFile; fileRef = 08397EAB29F9140E008F8F14 /* ProfileViewController.swift */; };
		08397EAF29F91761008F8F14 /* OrderListingViewController.swift in Sources */ = {isa = PBXBuildFile; fileRef = 08397EAE29F91761008F8F14 /* OrderListingViewController.swift */; };
		08397EB229F97454008F8F14 /* ServiceType.swift in Sources */ = {isa = PBXBuildFile; fileRef = 08397EB129F97454008F8F14 /* ServiceType.swift */; };
		08397EB429F9752B008F8F14 /* BaseService.swift in Sources */ = {isa = PBXBuildFile; fileRef = 08397EB329F9752B008F8F14 /* BaseService.swift */; };
		08397EB929F97B98008F8F14 /* LoginViewController.swift in Sources */ = {isa = PBXBuildFile; fileRef = 08397EB729F97B98008F8F14 /* LoginViewController.swift */; };
		08397EBA29F97B98008F8F14 /* LoginViewController.xib in Resources */ = {isa = PBXBuildFile; fileRef = 08397EB829F97B98008F8F14 /* LoginViewController.xib */; };
		08397EBE2A004563008F8F14 /* OTPViewController.swift in Sources */ = {isa = PBXBuildFile; fileRef = 08397EBC2A004563008F8F14 /* OTPViewController.swift */; };
		08397EBF2A004563008F8F14 /* OTPViewController.xib in Resources */ = {isa = PBXBuildFile; fileRef = 08397EBD2A004563008F8F14 /* OTPViewController.xib */; };
		08715A1D29EDEC7C002CB3F3 /* AppDelegate.swift in Sources */ = {isa = PBXBuildFile; fileRef = 08715A1C29EDEC7C002CB3F3 /* AppDelegate.swift */; };
		08715A1F29EDEC7C002CB3F3 /* SceneDelegate.swift in Sources */ = {isa = PBXBuildFile; fileRef = 08715A1E29EDEC7C002CB3F3 /* SceneDelegate.swift */; };
		08715A2129EDEC7C002CB3F3 /* ViewController.swift in Sources */ = {isa = PBXBuildFile; fileRef = 08715A2029EDEC7C002CB3F3 /* ViewController.swift */; };
		08715A2429EDEC7C002CB3F3 /* Main.storyboard in Resources */ = {isa = PBXBuildFile; fileRef = 08715A2229EDEC7C002CB3F3 /* Main.storyboard */; };
		08715A2629EDEC7C002CB3F3 /* Assets.xcassets in Resources */ = {isa = PBXBuildFile; fileRef = 08715A2529EDEC7C002CB3F3 /* Assets.xcassets */; };
		08715A2929EDEC7C002CB3F3 /* LaunchScreen.storyboard in Resources */ = {isa = PBXBuildFile; fileRef = 08715A2729EDEC7C002CB3F3 /* LaunchScreen.storyboard */; };
		08715A3829EDF0F8002CB3F3 /* APIClientType.swift in Sources */ = {isa = PBXBuildFile; fileRef = 08715A3729EDF0F8002CB3F3 /* APIClientType.swift */; };
		08715A3A29EDF2AB002CB3F3 /* APIRouteType.swift in Sources */ = {isa = PBXBuildFile; fileRef = 08715A3929EDF2AB002CB3F3 /* APIRouteType.swift */; };
		08715A3C29EDF2DF002CB3F3 /* APIResponseConvertible.swift in Sources */ = {isa = PBXBuildFile; fileRef = 08715A3B29EDF2DF002CB3F3 /* APIResponseConvertible.swift */; };
		08715A3F29EEE568002CB3F3 /* AuthenticationService.swift in Sources */ = {isa = PBXBuildFile; fileRef = 08715A3E29EEE568002CB3F3 /* AuthenticationService.swift */; };
		089E61DF2A0197C0003B2CAB /* CountryCodeView.swift in Sources */ = {isa = PBXBuildFile; fileRef = 089E61DE2A0197C0003B2CAB /* CountryCodeView.swift */; };
		089E61E12A0197E2003B2CAB /* CountryCodeView.xib in Resources */ = {isa = PBXBuildFile; fileRef = 089E61E02A0197E2003B2CAB /* CountryCodeView.xib */; };
		089E61EA2A044FF0003B2CAB /* ApplicationTheme.swift in Sources */ = {isa = PBXBuildFile; fileRef = 089E61E92A044FF0003B2CAB /* ApplicationTheme.swift */; };
		089E61ED2A045417003B2CAB /* UIView+Extension.swift in Sources */ = {isa = PBXBuildFile; fileRef = 089E61EC2A045417003B2CAB /* UIView+Extension.swift */; };
		08AA55C92A05698500F3F8CD /* LoginPresenter.swift in Sources */ = {isa = PBXBuildFile; fileRef = 08AA55C82A05698500F3F8CD /* LoginPresenter.swift */; };
		E3D6E6151DD76F67454531CC /* Pods_Gardner.framework in Frameworks */ = {isa = PBXBuildFile; fileRef = CBB88E5EC1BB0A076C6BFC5C /* Pods_Gardner.framework */; };
/* End PBXBuildFile section */

/* Begin PBXFileReference section */
		08397EA629F18BAB008F8F14 /* AuthenticationRoutes.swift */ = {isa = PBXFileReference; lastKnownFileType = sourcecode.swift; path = AuthenticationRoutes.swift; sourceTree = "<group>"; };
		08397EA829F3DAAF008F8F14 /* NetworkError.swift */ = {isa = PBXFileReference; lastKnownFileType = sourcecode.swift; path = NetworkError.swift; sourceTree = "<group>"; };
		08397EAB29F9140E008F8F14 /* ProfileViewController.swift */ = {isa = PBXFileReference; lastKnownFileType = sourcecode.swift; path = ProfileViewController.swift; sourceTree = "<group>"; };
		08397EAE29F91761008F8F14 /* OrderListingViewController.swift */ = {isa = PBXFileReference; lastKnownFileType = sourcecode.swift; path = OrderListingViewController.swift; sourceTree = "<group>"; };
		08397EB129F97454008F8F14 /* ServiceType.swift */ = {isa = PBXFileReference; lastKnownFileType = sourcecode.swift; path = ServiceType.swift; sourceTree = "<group>"; };
		08397EB329F9752B008F8F14 /* BaseService.swift */ = {isa = PBXFileReference; lastKnownFileType = sourcecode.swift; path = BaseService.swift; sourceTree = "<group>"; };
		08397EB729F97B98008F8F14 /* LoginViewController.swift */ = {isa = PBXFileReference; lastKnownFileType = sourcecode.swift; path = LoginViewController.swift; sourceTree = "<group>"; };
		08397EB829F97B98008F8F14 /* LoginViewController.xib */ = {isa = PBXFileReference; lastKnownFileType = file.xib; path = LoginViewController.xib; sourceTree = "<group>"; };
		08397EBC2A004563008F8F14 /* OTPViewController.swift */ = {isa = PBXFileReference; lastKnownFileType = sourcecode.swift; path = OTPViewController.swift; sourceTree = "<group>"; };
		08397EBD2A004563008F8F14 /* OTPViewController.xib */ = {isa = PBXFileReference; lastKnownFileType = file.xib; path = OTPViewController.xib; sourceTree = "<group>"; };
		08715A1929EDEC7C002CB3F3 /* Gardner.app */ = {isa = PBXFileReference; explicitFileType = wrapper.application; includeInIndex = 0; path = Gardner.app; sourceTree = BUILT_PRODUCTS_DIR; };
		08715A1C29EDEC7C002CB3F3 /* AppDelegate.swift */ = {isa = PBXFileReference; lastKnownFileType = sourcecode.swift; path = AppDelegate.swift; sourceTree = "<group>"; };
		08715A1E29EDEC7C002CB3F3 /* SceneDelegate.swift */ = {isa = PBXFileReference; lastKnownFileType = sourcecode.swift; path = SceneDelegate.swift; sourceTree = "<group>"; };
		08715A2029EDEC7C002CB3F3 /* ViewController.swift */ = {isa = PBXFileReference; lastKnownFileType = sourcecode.swift; path = ViewController.swift; sourceTree = "<group>"; };
		08715A2329EDEC7C002CB3F3 /* Base */ = {isa = PBXFileReference; lastKnownFileType = file.storyboard; name = Base; path = Base.lproj/Main.storyboard; sourceTree = "<group>"; };
		08715A2529EDEC7C002CB3F3 /* Assets.xcassets */ = {isa = PBXFileReference; lastKnownFileType = folder.assetcatalog; path = Assets.xcassets; sourceTree = "<group>"; };
		08715A2829EDEC7C002CB3F3 /* Base */ = {isa = PBXFileReference; lastKnownFileType = file.storyboard; name = Base; path = Base.lproj/LaunchScreen.storyboard; sourceTree = "<group>"; };
		08715A2A29EDEC7C002CB3F3 /* Info.plist */ = {isa = PBXFileReference; lastKnownFileType = text.plist.xml; path = Info.plist; sourceTree = "<group>"; };
		08715A3729EDF0F8002CB3F3 /* APIClientType.swift */ = {isa = PBXFileReference; lastKnownFileType = sourcecode.swift; path = APIClientType.swift; sourceTree = "<group>"; };
		08715A3929EDF2AB002CB3F3 /* APIRouteType.swift */ = {isa = PBXFileReference; lastKnownFileType = sourcecode.swift; path = APIRouteType.swift; sourceTree = "<group>"; };
		08715A3B29EDF2DF002CB3F3 /* APIResponseConvertible.swift */ = {isa = PBXFileReference; lastKnownFileType = sourcecode.swift; path = APIResponseConvertible.swift; sourceTree = "<group>"; };
		08715A3E29EEE568002CB3F3 /* AuthenticationService.swift */ = {isa = PBXFileReference; lastKnownFileType = sourcecode.swift; path = AuthenticationService.swift; sourceTree = "<group>"; };
		089E61DE2A0197C0003B2CAB /* CountryCodeView.swift */ = {isa = PBXFileReference; lastKnownFileType = sourcecode.swift; path = CountryCodeView.swift; sourceTree = "<group>"; };
		089E61E02A0197E2003B2CAB /* CountryCodeView.xib */ = {isa = PBXFileReference; lastKnownFileType = file.xib; path = CountryCodeView.xib; sourceTree = "<group>"; };
		089E61E92A044FF0003B2CAB /* ApplicationTheme.swift */ = {isa = PBXFileReference; lastKnownFileType = sourcecode.swift; path = ApplicationTheme.swift; sourceTree = "<group>"; };
		089E61EC2A045417003B2CAB /* UIView+Extension.swift */ = {isa = PBXFileReference; lastKnownFileType = sourcecode.swift; path = "UIView+Extension.swift"; sourceTree = "<group>"; };
		08AA55C82A05698500F3F8CD /* LoginPresenter.swift */ = {isa = PBXFileReference; lastKnownFileType = sourcecode.swift; path = LoginPresenter.swift; sourceTree = "<group>"; };
		3B05354632B17C414B599867 /* Pods-Gardner.debug.xcconfig */ = {isa = PBXFileReference; includeInIndex = 1; lastKnownFileType = text.xcconfig; name = "Pods-Gardner.debug.xcconfig"; path = "Target Support Files/Pods-Gardner/Pods-Gardner.debug.xcconfig"; sourceTree = "<group>"; };
		7D2184E8DDC5FEBD0422E0D8 /* Pods-Gardner.release.xcconfig */ = {isa = PBXFileReference; includeInIndex = 1; lastKnownFileType = text.xcconfig; name = "Pods-Gardner.release.xcconfig"; path = "Target Support Files/Pods-Gardner/Pods-Gardner.release.xcconfig"; sourceTree = "<group>"; };
		CBB88E5EC1BB0A076C6BFC5C /* Pods_Gardner.framework */ = {isa = PBXFileReference; explicitFileType = wrapper.framework; includeInIndex = 0; path = Pods_Gardner.framework; sourceTree = BUILT_PRODUCTS_DIR; };
/* End PBXFileReference section */

/* Begin PBXFrameworksBuildPhase section */
		08715A1629EDEC7C002CB3F3 /* Frameworks */ = {
			isa = PBXFrameworksBuildPhase;
			buildActionMask = 2147483647;
			files = (
				E3D6E6151DD76F67454531CC /* Pods_Gardner.framework in Frameworks */,
			);
			runOnlyForDeploymentPostprocessing = 0;
		};
/* End PBXFrameworksBuildPhase section */

/* Begin PBXGroup section */
		07B189001BA0014000D8CE09 /* Frameworks */ = {
			isa = PBXGroup;
			children = (
				CBB88E5EC1BB0A076C6BFC5C /* Pods_Gardner.framework */,
			);
			name = Frameworks;
			sourceTree = "<group>";
		};
		08397EA529F18B90008F8F14 /* Authentication */ = {
			isa = PBXGroup;
			children = (
				08715A3E29EEE568002CB3F3 /* AuthenticationService.swift */,
				08397EA629F18BAB008F8F14 /* AuthenticationRoutes.swift */,
			);
			path = Authentication;
			sourceTree = "<group>";
		};
		08397EAA29F913E1008F8F14 /* Profile */ = {
			isa = PBXGroup;
			children = (
				08397EAB29F9140E008F8F14 /* ProfileViewController.swift */,
			);
			path = Profile;
			sourceTree = "<group>";
		};
		08397EAD29F9174D008F8F14 /* Order */ = {
			isa = PBXGroup;
			children = (
				08397EAE29F91761008F8F14 /* OrderListingViewController.swift */,
			);
			path = Order;
			sourceTree = "<group>";
		};
		08397EB529F97B3D008F8F14 /* Onboarding */ = {
			isa = PBXGroup;
			children = (
				08397EBB2A00454C008F8F14 /* OTP */,
				08397EB629F97B54008F8F14 /* Login */,
			);
			path = Onboarding;
			sourceTree = "<group>";
		};
		08397EB629F97B54008F8F14 /* Login */ = {
			isa = PBXGroup;
			children = (
				08397EB729F97B98008F8F14 /* LoginViewController.swift */,
				08397EB829F97B98008F8F14 /* LoginViewController.xib */,
				08AA55C82A05698500F3F8CD /* LoginPresenter.swift */,
			);
			path = Login;
			sourceTree = "<group>";
		};
		08397EBB2A00454C008F8F14 /* OTP */ = {
			isa = PBXGroup;
			children = (
				08397EBC2A004563008F8F14 /* OTPViewController.swift */,
				08397EBD2A004563008F8F14 /* OTPViewController.xib */,
			);
			path = OTP;
			sourceTree = "<group>";
		};
		08715A1029EDEC7C002CB3F3 = {
			isa = PBXGroup;
			children = (
				08715A1B29EDEC7C002CB3F3 /* Gardner */,
				08715A1A29EDEC7C002CB3F3 /* Products */,
				EEFE174929656FD049032B64 /* Pods */,
				07B189001BA0014000D8CE09 /* Frameworks */,
			);
			sourceTree = "<group>";
		};
		08715A1A29EDEC7C002CB3F3 /* Products */ = {
			isa = PBXGroup;
			children = (
				08715A1929EDEC7C002CB3F3 /* Gardner.app */,
			);
			name = Products;
			sourceTree = "<group>";
		};
		08715A1B29EDEC7C002CB3F3 /* Gardner */ = {
			isa = PBXGroup;
			children = (
				089E61EB2A0453FA003B2CAB /* Extensions */,
				089E61E82A044FE2003B2CAB /* Theme */,
				089E61DD2A01979F003B2CAB /* Components */,
				08715A3D29EEE554002CB3F3 /* Services */,
				08715A3229EDECA0002CB3F3 /* Repository */,
				08715A3129EDEC94002CB3F3 /* Network */,
				08715A3029EDEC86002CB3F3 /* Presentation */,
				08715A1C29EDEC7C002CB3F3 /* AppDelegate.swift */,
				08715A1E29EDEC7C002CB3F3 /* SceneDelegate.swift */,
				08715A2229EDEC7C002CB3F3 /* Main.storyboard */,
				08715A2529EDEC7C002CB3F3 /* Assets.xcassets */,
				08715A2729EDEC7C002CB3F3 /* LaunchScreen.storyboard */,
				08715A2A29EDEC7C002CB3F3 /* Info.plist */,
			);
			path = Gardner;
			sourceTree = "<group>";
		};
		08715A3029EDEC86002CB3F3 /* Presentation */ = {
			isa = PBXGroup;
			children = (
				08397EB529F97B3D008F8F14 /* Onboarding */,
				08397EAD29F9174D008F8F14 /* Order */,
				08397EAA29F913E1008F8F14 /* Profile */,
				08715A2029EDEC7C002CB3F3 /* ViewController.swift */,
			);
			path = Presentation;
			sourceTree = "<group>";
		};
		08715A3129EDEC94002CB3F3 /* Network */ = {
			isa = PBXGroup;
			children = (
				08715A3729EDF0F8002CB3F3 /* APIClientType.swift */,
				08715A3B29EDF2DF002CB3F3 /* APIResponseConvertible.swift */,
				08397EA829F3DAAF008F8F14 /* NetworkError.swift */,
				08715A3929EDF2AB002CB3F3 /* APIRouteType.swift */,
			);
			path = Network;
			sourceTree = "<group>";
		};
		08715A3229EDECA0002CB3F3 /* Repository */ = {
			isa = PBXGroup;
			children = (
			);
			path = Repository;
			sourceTree = "<group>";
		};
		08715A3D29EEE554002CB3F3 /* Services */ = {
			isa = PBXGroup;
			children = (
				08397EB129F97454008F8F14 /* ServiceType.swift */,
				08397EA529F18B90008F8F14 /* Authentication */,
				08397EB329F9752B008F8F14 /* BaseService.swift */,
			);
			path = Services;
			sourceTree = "<group>";
		};
		089E61DD2A01979F003B2CAB /* Components */ = {
			isa = PBXGroup;
			children = (
				089E61DE2A0197C0003B2CAB /* CountryCodeView.swift */,
				089E61E02A0197E2003B2CAB /* CountryCodeView.xib */,
			);
			path = Components;
			sourceTree = "<group>";
		};
		089E61E82A044FE2003B2CAB /* Theme */ = {
			isa = PBXGroup;
			children = (
				089E61E92A044FF0003B2CAB /* ApplicationTheme.swift */,
			);
			path = Theme;
			sourceTree = "<group>";
		};
		089E61EB2A0453FA003B2CAB /* Extensions */ = {
			isa = PBXGroup;
			children = (
				089E61EC2A045417003B2CAB /* UIView+Extension.swift */,
			);
			path = Extensions;
			sourceTree = "<group>";
		};
		EEFE174929656FD049032B64 /* Pods */ = {
			isa = PBXGroup;
			children = (
				3B05354632B17C414B599867 /* Pods-Gardner.debug.xcconfig */,
				7D2184E8DDC5FEBD0422E0D8 /* Pods-Gardner.release.xcconfig */,
			);
			path = Pods;
			sourceTree = "<group>";
		};
/* End PBXGroup section */

/* Begin PBXNativeTarget section */
		08715A1829EDEC7C002CB3F3 /* Gardner */ = {
			isa = PBXNativeTarget;
			buildConfigurationList = 08715A2D29EDEC7C002CB3F3 /* Build configuration list for PBXNativeTarget "Gardner" */;
			buildPhases = (
				01B60E8577D50CE7B97DDDFB /* [CP] Check Pods Manifest.lock */,
				08715A1529EDEC7C002CB3F3 /* Sources */,
				08715A1629EDEC7C002CB3F3 /* Frameworks */,
				08715A1729EDEC7C002CB3F3 /* Resources */,
				73CCF4C36CBDFB267F07B02F /* [CP] Embed Pods Frameworks */,
			);
			buildRules = (
			);
			dependencies = (
			);
			name = Gardner;
			productName = Gardner;
			productReference = 08715A1929EDEC7C002CB3F3 /* Gardner.app */;
			productType = "com.apple.product-type.application";
		};
/* End PBXNativeTarget section */

/* Begin PBXProject section */
		08715A1129EDEC7C002CB3F3 /* Project object */ = {
			isa = PBXProject;
			attributes = {
				BuildIndependentTargetsInParallel = 1;
				LastSwiftUpdateCheck = 1420;
				LastUpgradeCheck = 1420;
				TargetAttributes = {
					08715A1829EDEC7C002CB3F3 = {
						CreatedOnToolsVersion = 14.2;
					};
				};
			};
			buildConfigurationList = 08715A1429EDEC7C002CB3F3 /* Build configuration list for PBXProject "Gardner" */;
			compatibilityVersion = "Xcode 14.0";
			developmentRegion = en;
			hasScannedForEncodings = 0;
			knownRegions = (
				en,
				Base,
			);
			mainGroup = 08715A1029EDEC7C002CB3F3;
			productRefGroup = 08715A1A29EDEC7C002CB3F3 /* Products */;
			projectDirPath = "";
			projectRoot = "";
			targets = (
				08715A1829EDEC7C002CB3F3 /* Gardner */,
			);
		};
/* End PBXProject section */

/* Begin PBXResourcesBuildPhase section */
		08715A1729EDEC7C002CB3F3 /* Resources */ = {
			isa = PBXResourcesBuildPhase;
			buildActionMask = 2147483647;
			files = (
				089E61E12A0197E2003B2CAB /* CountryCodeView.xib in Resources */,
				08397EBA29F97B98008F8F14 /* LoginViewController.xib in Resources */,
				08715A2929EDEC7C002CB3F3 /* LaunchScreen.storyboard in Resources */,
				08715A2629EDEC7C002CB3F3 /* Assets.xcassets in Resources */,
				08715A2429EDEC7C002CB3F3 /* Main.storyboard in Resources */,
				08397EBF2A004563008F8F14 /* OTPViewController.xib in Resources */,
			);
			runOnlyForDeploymentPostprocessing = 0;
		};
/* End PBXResourcesBuildPhase section */

/* Begin PBXShellScriptBuildPhase section */
		01B60E8577D50CE7B97DDDFB /* [CP] Check Pods Manifest.lock */ = {
			isa = PBXShellScriptBuildPhase;
			buildActionMask = 2147483647;
			files = (
			);
			inputFileListPaths = (
			);
			inputPaths = (
				"${PODS_PODFILE_DIR_PATH}/Podfile.lock",
				"${PODS_ROOT}/Manifest.lock",
			);
			name = "[CP] Check Pods Manifest.lock";
			outputFileListPaths = (
			);
			outputPaths = (
				"$(DERIVED_FILE_DIR)/Pods-Gardner-checkManifestLockResult.txt",
			);
			runOnlyForDeploymentPostprocessing = 0;
			shellPath = /bin/sh;
			shellScript = "diff \"${PODS_PODFILE_DIR_PATH}/Podfile.lock\" \"${PODS_ROOT}/Manifest.lock\" > /dev/null\nif [ $? != 0 ] ; then\n    # print error to STDERR\n    echo \"error: The sandbox is not in sync with the Podfile.lock. Run 'pod install' or update your CocoaPods installation.\" >&2\n    exit 1\nfi\n# This output is used by Xcode 'outputs' to avoid re-running this script phase.\necho \"SUCCESS\" > \"${SCRIPT_OUTPUT_FILE_0}\"\n";
			showEnvVarsInLog = 0;
		};
		73CCF4C36CBDFB267F07B02F /* [CP] Embed Pods Frameworks */ = {
			isa = PBXShellScriptBuildPhase;
			buildActionMask = 2147483647;
			files = (
			);
			inputFileListPaths = (
				"${PODS_ROOT}/Target Support Files/Pods-Gardner/Pods-Gardner-frameworks-${CONFIGURATION}-input-files.xcfilelist",
			);
			name = "[CP] Embed Pods Frameworks";
			outputFileListPaths = (
				"${PODS_ROOT}/Target Support Files/Pods-Gardner/Pods-Gardner-frameworks-${CONFIGURATION}-output-files.xcfilelist",
			);
			runOnlyForDeploymentPostprocessing = 0;
			shellPath = /bin/sh;
			shellScript = "\"${PODS_ROOT}/Target Support Files/Pods-Gardner/Pods-Gardner-frameworks.sh\"\n";
			showEnvVarsInLog = 0;
		};
/* End PBXShellScriptBuildPhase section */

/* Begin PBXSourcesBuildPhase section */
		08715A1529EDEC7C002CB3F3 /* Sources */ = {
			isa = PBXSourcesBuildPhase;
			buildActionMask = 2147483647;
			files = (
				08397EBE2A004563008F8F14 /* OTPViewController.swift in Sources */,
				08397EB929F97B98008F8F14 /* LoginViewController.swift in Sources */,
				08715A2129EDEC7C002CB3F3 /* ViewController.swift in Sources */,
				08715A3A29EDF2AB002CB3F3 /* APIRouteType.swift in Sources */,
				08AA55C92A05698500F3F8CD /* LoginPresenter.swift in Sources */,
				089E61EA2A044FF0003B2CAB /* ApplicationTheme.swift in Sources */,
				08397EAC29F9140E008F8F14 /* ProfileViewController.swift in Sources */,
				08715A1D29EDEC7C002CB3F3 /* AppDelegate.swift in Sources */,
				08715A3C29EDF2DF002CB3F3 /* APIResponseConvertible.swift in Sources */,
				08715A1F29EDEC7C002CB3F3 /* SceneDelegate.swift in Sources */,
				08715A3829EDF0F8002CB3F3 /* APIClientType.swift in Sources */,
				08397EB429F9752B008F8F14 /* BaseService.swift in Sources */,
				08397EA929F3DAAF008F8F14 /* NetworkError.swift in Sources */,
				089E61ED2A045417003B2CAB /* UIView+Extension.swift in Sources */,
				08715A3F29EEE568002CB3F3 /* AuthenticationService.swift in Sources */,
				08397EAF29F91761008F8F14 /* OrderListingViewController.swift in Sources */,
				08397EA729F18BAB008F8F14 /* AuthenticationRoutes.swift in Sources */,
				08397EB229F97454008F8F14 /* ServiceType.swift in Sources */,
				089E61DF2A0197C0003B2CAB /* CountryCodeView.swift in Sources */,
			);
			runOnlyForDeploymentPostprocessing = 0;
		};
/* End PBXSourcesBuildPhase section */

/* Begin PBXVariantGroup section */
		08715A2229EDEC7C002CB3F3 /* Main.storyboard */ = {
			isa = PBXVariantGroup;
			children = (
				08715A2329EDEC7C002CB3F3 /* Base */,
			);
			name = Main.storyboard;
			sourceTree = "<group>";
		};
		08715A2729EDEC7C002CB3F3 /* LaunchScreen.storyboard */ = {
			isa = PBXVariantGroup;
			children = (
				08715A2829EDEC7C002CB3F3 /* Base */,
			);
			name = LaunchScreen.storyboard;
			sourceTree = "<group>";
		};
/* End PBXVariantGroup section */

/* Begin XCBuildConfiguration section */
		08715A2B29EDEC7C002CB3F3 /* Debug */ = {
			isa = XCBuildConfiguration;
			buildSettings = {
				ALWAYS_SEARCH_USER_PATHS = NO;
				CLANG_ANALYZER_NONNULL = YES;
				CLANG_ANALYZER_NUMBER_OBJECT_CONVERSION = YES_AGGRESSIVE;
				CLANG_CXX_LANGUAGE_STANDARD = "gnu++20";
				CLANG_ENABLE_MODULES = YES;
				CLANG_ENABLE_OBJC_ARC = YES;
				CLANG_ENABLE_OBJC_WEAK = YES;
				CLANG_WARN_BLOCK_CAPTURE_AUTORELEASING = YES;
				CLANG_WARN_BOOL_CONVERSION = YES;
				CLANG_WARN_COMMA = YES;
				CLANG_WARN_CONSTANT_CONVERSION = YES;
				CLANG_WARN_DEPRECATED_OBJC_IMPLEMENTATIONS = YES;
				CLANG_WARN_DIRECT_OBJC_ISA_USAGE = YES_ERROR;
				CLANG_WARN_DOCUMENTATION_COMMENTS = YES;
				CLANG_WARN_EMPTY_BODY = YES;
				CLANG_WARN_ENUM_CONVERSION = YES;
				CLANG_WARN_INFINITE_RECURSION = YES;
				CLANG_WARN_INT_CONVERSION = YES;
				CLANG_WARN_NON_LITERAL_NULL_CONVERSION = YES;
				CLANG_WARN_OBJC_IMPLICIT_RETAIN_SELF = YES;
				CLANG_WARN_OBJC_LITERAL_CONVERSION = YES;
				CLANG_WARN_OBJC_ROOT_CLASS = YES_ERROR;
				CLANG_WARN_QUOTED_INCLUDE_IN_FRAMEWORK_HEADER = YES;
				CLANG_WARN_RANGE_LOOP_ANALYSIS = YES;
				CLANG_WARN_STRICT_PROTOTYPES = YES;
				CLANG_WARN_SUSPICIOUS_MOVE = YES;
				CLANG_WARN_UNGUARDED_AVAILABILITY = YES_AGGRESSIVE;
				CLANG_WARN_UNREACHABLE_CODE = YES;
				CLANG_WARN__DUPLICATE_METHOD_MATCH = YES;
				COPY_PHASE_STRIP = NO;
				DEBUG_INFORMATION_FORMAT = dwarf;
				ENABLE_STRICT_OBJC_MSGSEND = YES;
				ENABLE_TESTABILITY = YES;
				GCC_C_LANGUAGE_STANDARD = gnu11;
				GCC_DYNAMIC_NO_PIC = NO;
				GCC_NO_COMMON_BLOCKS = YES;
				GCC_OPTIMIZATION_LEVEL = 0;
				GCC_PREPROCESSOR_DEFINITIONS = (
					"DEBUG=1",
					"$(inherited)",
				);
				GCC_WARN_64_TO_32_BIT_CONVERSION = YES;
				GCC_WARN_ABOUT_RETURN_TYPE = YES_ERROR;
				GCC_WARN_UNDECLARED_SELECTOR = YES;
				GCC_WARN_UNINITIALIZED_AUTOS = YES_AGGRESSIVE;
				GCC_WARN_UNUSED_FUNCTION = YES;
				GCC_WARN_UNUSED_VARIABLE = YES;
				IPHONEOS_DEPLOYMENT_TARGET = 16.2;
				MTL_ENABLE_DEBUG_INFO = INCLUDE_SOURCE;
				MTL_FAST_MATH = YES;
				ONLY_ACTIVE_ARCH = YES;
				SDKROOT = iphoneos;
				SWIFT_ACTIVE_COMPILATION_CONDITIONS = DEBUG;
				SWIFT_OPTIMIZATION_LEVEL = "-Onone";
			};
			name = Debug;
		};
		08715A2C29EDEC7C002CB3F3 /* Release */ = {
			isa = XCBuildConfiguration;
			buildSettings = {
				ALWAYS_SEARCH_USER_PATHS = NO;
				CLANG_ANALYZER_NONNULL = YES;
				CLANG_ANALYZER_NUMBER_OBJECT_CONVERSION = YES_AGGRESSIVE;
				CLANG_CXX_LANGUAGE_STANDARD = "gnu++20";
				CLANG_ENABLE_MODULES = YES;
				CLANG_ENABLE_OBJC_ARC = YES;
				CLANG_ENABLE_OBJC_WEAK = YES;
				CLANG_WARN_BLOCK_CAPTURE_AUTORELEASING = YES;
				CLANG_WARN_BOOL_CONVERSION = YES;
				CLANG_WARN_COMMA = YES;
				CLANG_WARN_CONSTANT_CONVERSION = YES;
				CLANG_WARN_DEPRECATED_OBJC_IMPLEMENTATIONS = YES;
				CLANG_WARN_DIRECT_OBJC_ISA_USAGE = YES_ERROR;
				CLANG_WARN_DOCUMENTATION_COMMENTS = YES;
				CLANG_WARN_EMPTY_BODY = YES;
				CLANG_WARN_ENUM_CONVERSION = YES;
				CLANG_WARN_INFINITE_RECURSION = YES;
				CLANG_WARN_INT_CONVERSION = YES;
				CLANG_WARN_NON_LITERAL_NULL_CONVERSION = YES;
				CLANG_WARN_OBJC_IMPLICIT_RETAIN_SELF = YES;
				CLANG_WARN_OBJC_LITERAL_CONVERSION = YES;
				CLANG_WARN_OBJC_ROOT_CLASS = YES_ERROR;
				CLANG_WARN_QUOTED_INCLUDE_IN_FRAMEWORK_HEADER = YES;
				CLANG_WARN_RANGE_LOOP_ANALYSIS = YES;
				CLANG_WARN_STRICT_PROTOTYPES = YES;
				CLANG_WARN_SUSPICIOUS_MOVE = YES;
				CLANG_WARN_UNGUARDED_AVAILABILITY = YES_AGGRESSIVE;
				CLANG_WARN_UNREACHABLE_CODE = YES;
				CLANG_WARN__DUPLICATE_METHOD_MATCH = YES;
				COPY_PHASE_STRIP = NO;
				DEBUG_INFORMATION_FORMAT = "dwarf-with-dsym";
				ENABLE_NS_ASSERTIONS = NO;
				ENABLE_STRICT_OBJC_MSGSEND = YES;
				GCC_C_LANGUAGE_STANDARD = gnu11;
				GCC_NO_COMMON_BLOCKS = YES;
				GCC_WARN_64_TO_32_BIT_CONVERSION = YES;
				GCC_WARN_ABOUT_RETURN_TYPE = YES_ERROR;
				GCC_WARN_UNDECLARED_SELECTOR = YES;
				GCC_WARN_UNINITIALIZED_AUTOS = YES_AGGRESSIVE;
				GCC_WARN_UNUSED_FUNCTION = YES;
				GCC_WARN_UNUSED_VARIABLE = YES;
				IPHONEOS_DEPLOYMENT_TARGET = 16.2;
				MTL_ENABLE_DEBUG_INFO = NO;
				MTL_FAST_MATH = YES;
				SDKROOT = iphoneos;
				SWIFT_COMPILATION_MODE = wholemodule;
				SWIFT_OPTIMIZATION_LEVEL = "-O";
				VALIDATE_PRODUCT = YES;
			};
			name = Release;
		};
		08715A2E29EDEC7C002CB3F3 /* Debug */ = {
			isa = XCBuildConfiguration;
			baseConfigurationReference = 3B05354632B17C414B599867 /* Pods-Gardner.debug.xcconfig */;
			buildSettings = {
				ASSETCATALOG_COMPILER_APPICON_NAME = AppIcon;
				ASSETCATALOG_COMPILER_GLOBAL_ACCENT_COLOR_NAME = AccentColor;
				CODE_SIGN_STYLE = Automatic;
				CURRENT_PROJECT_VERSION = 1;
				GENERATE_INFOPLIST_FILE = YES;
				INFOPLIST_FILE = Gardner/Info.plist;
				INFOPLIST_KEY_UIApplicationSupportsIndirectInputEvents = YES;
				INFOPLIST_KEY_UILaunchStoryboardName = LaunchScreen;
				INFOPLIST_KEY_UIMainStoryboardFile = Main;
				INFOPLIST_KEY_UISupportedInterfaceOrientations_iPad = "UIInterfaceOrientationPortrait UIInterfaceOrientationPortraitUpsideDown UIInterfaceOrientationLandscapeLeft UIInterfaceOrientationLandscapeRight";
				INFOPLIST_KEY_UISupportedInterfaceOrientations_iPhone = "UIInterfaceOrientationPortrait UIInterfaceOrientationLandscapeLeft UIInterfaceOrientationLandscapeRight";
				IPHONEOS_DEPLOYMENT_TARGET = 12.0;
				LD_RUNPATH_SEARCH_PATHS = (
					"$(inherited)",
					"@executable_path/Frameworks",
				);
				MARKETING_VERSION = 1.0;
				PRODUCT_BUNDLE_IDENTIFIER = com.MeiTalk.Gardner;
				PRODUCT_NAME = "$(TARGET_NAME)";
				SWIFT_EMIT_LOC_STRINGS = YES;
				SWIFT_VERSION = 5.0;
				TARGETED_DEVICE_FAMILY = "1,2";
			};
			name = Debug;
		};
		08715A2F29EDEC7C002CB3F3 /* Release */ = {
			isa = XCBuildConfiguration;
			baseConfigurationReference = 7D2184E8DDC5FEBD0422E0D8 /* Pods-Gardner.release.xcconfig */;
			buildSettings = {
				ASSETCATALOG_COMPILER_APPICON_NAME = AppIcon;
				ASSETCATALOG_COMPILER_GLOBAL_ACCENT_COLOR_NAME = AccentColor;
				CODE_SIGN_STYLE = Automatic;
				CURRENT_PROJECT_VERSION = 1;
				GENERATE_INFOPLIST_FILE = YES;
				INFOPLIST_FILE = Gardner/Info.plist;
				INFOPLIST_KEY_UIApplicationSupportsIndirectInputEvents = YES;
				INFOPLIST_KEY_UILaunchStoryboardName = LaunchScreen;
				INFOPLIST_KEY_UIMainStoryboardFile = Main;
				INFOPLIST_KEY_UISupportedInterfaceOrientations_iPad = "UIInterfaceOrientationPortrait UIInterfaceOrientationPortraitUpsideDown UIInterfaceOrientationLandscapeLeft UIInterfaceOrientationLandscapeRight";
				INFOPLIST_KEY_UISupportedInterfaceOrientations_iPhone = "UIInterfaceOrientationPortrait UIInterfaceOrientationLandscapeLeft UIInterfaceOrientationLandscapeRight";
				IPHONEOS_DEPLOYMENT_TARGET = 12.0;
				LD_RUNPATH_SEARCH_PATHS = (
					"$(inherited)",
					"@executable_path/Frameworks",
				);
				MARKETING_VERSION = 1.0;
				PRODUCT_BUNDLE_IDENTIFIER = com.MeiTalk.Gardner;
				PRODUCT_NAME = "$(TARGET_NAME)";
				SWIFT_EMIT_LOC_STRINGS = YES;
				SWIFT_VERSION = 5.0;
				TARGETED_DEVICE_FAMILY = "1,2";
			};
			name = Release;
		};
/* End XCBuildConfiguration section */

/* Begin XCConfigurationList section */
		08715A1429EDEC7C002CB3F3 /* Build configuration list for PBXProject "Gardner" */ = {
			isa = XCConfigurationList;
			buildConfigurations = (
				08715A2B29EDEC7C002CB3F3 /* Debug */,
				08715A2C29EDEC7C002CB3F3 /* Release */,
			);
			defaultConfigurationIsVisible = 0;
			defaultConfigurationName = Release;
		};
		08715A2D29EDEC7C002CB3F3 /* Build configuration list for PBXNativeTarget "Gardner" */ = {
			isa = XCConfigurationList;
			buildConfigurations = (
				08715A2E29EDEC7C002CB3F3 /* Debug */,
				08715A2F29EDEC7C002CB3F3 /* Release */,
			);
			defaultConfigurationIsVisible = 0;
			defaultConfigurationName = Release;
		};
/* End XCConfigurationList section */
	};
	rootObject = 08715A1129EDEC7C002CB3F3 /* Project object */;
}
