// !$*UTF8*$!
{
	archiveVersion = 1;
	classes = {
	};
	objectVersion = 56;
	objects = {

/* Begin PBXBuildFile section */
		082CAD732A17D5CD00D2B66D /* AddressTableViewCell.swift in Sources */ = {isa = PBXBuildFile; fileRef = 082CAD712A17D5CD00D2B66D /* AddressTableViewCell.swift */; };
		082CAD742A17D5CD00D2B66D /* AddressTableViewCell.xib in Resources */ = {isa = PBXBuildFile; fileRef = 082CAD722A17D5CD00D2B66D /* AddressTableViewCell.xib */; };
		082CAD762A17D74800D2B66D /* AddressRoutes.swift in Sources */ = {isa = PBXBuildFile; fileRef = 082CAD752A17D74800D2B66D /* AddressRoutes.swift */; };
		08397EA729F18BAB008F8F14 /* AuthenticationRoutes.swift in Sources */ = {isa = PBXBuildFile; fileRef = 08397EA629F18BAB008F8F14 /* AuthenticationRoutes.swift */; };
		08397EA929F3DAAF008F8F14 /* NetworkError.swift in Sources */ = {isa = PBXBuildFile; fileRef = 08397EA829F3DAAF008F8F14 /* NetworkError.swift */; };
		08397EAC29F9140E008F8F14 /* ProfileViewController.swift in Sources */ = {isa = PBXBuildFile; fileRef = 08397EAB29F9140E008F8F14 /* ProfileViewController.swift */; };
		08397EAF29F91761008F8F14 /* OrderListingViewController.swift in Sources */ = {isa = PBXBuildFile; fileRef = 08397EAE29F91761008F8F14 /* OrderListingViewController.swift */; };
		08397EB229F97454008F8F14 /* ServiceType.swift in Sources */ = {isa = PBXBuildFile; fileRef = 08397EB129F97454008F8F14 /* ServiceType.swift */; };
		08397EB429F9752B008F8F14 /* BaseService.swift in Sources */ = {isa = PBXBuildFile; fileRef = 08397EB329F9752B008F8F14 /* BaseService.swift */; };
		08397EB929F97B98008F8F14 /* LoginViewController.swift in Sources */ = {isa = PBXBuildFile; fileRef = 08397EB729F97B98008F8F14 /* LoginViewController.swift */; };
		08397EBA29F97B98008F8F14 /* LoginViewController.xib in Resources */ = {isa = PBXBuildFile; fileRef = 08397EB829F97B98008F8F14 /* LoginViewController.xib */; };
		08397EBE2A004563008F8F14 /* OTPViewController.swift in Sources */ = {isa = PBXBuildFile; fileRef = 08397EBC2A004563008F8F14 /* OTPViewController.swift */; };
		08397EBF2A004563008F8F14 /* OTPViewController.xib in Resources */ = {isa = PBXBuildFile; fileRef = 08397EBD2A004563008F8F14 /* OTPViewController.xib */; };
		08715A1D29EDEC7C002CB3F3 /* AppDelegate.swift in Sources */ = {isa = PBXBuildFile; fileRef = 08715A1C29EDEC7C002CB3F3 /* AppDelegate.swift */; };
		08715A1F29EDEC7C002CB3F3 /* SceneDelegate.swift in Sources */ = {isa = PBXBuildFile; fileRef = 08715A1E29EDEC7C002CB3F3 /* SceneDelegate.swift */; };
		08715A2129EDEC7C002CB3F3 /* HomeViewController.swift in Sources */ = {isa = PBXBuildFile; fileRef = 08715A2029EDEC7C002CB3F3 /* HomeViewController.swift */; };
		08715A2429EDEC7C002CB3F3 /* Main.storyboard in Resources */ = {isa = PBXBuildFile; fileRef = 08715A2229EDEC7C002CB3F3 /* Main.storyboard */; };
		08715A2629EDEC7C002CB3F3 /* Assets.xcassets in Resources */ = {isa = PBXBuildFile; fileRef = 08715A2529EDEC7C002CB3F3 /* Assets.xcassets */; };
		08715A2929EDEC7C002CB3F3 /* LaunchScreen.storyboard in Resources */ = {isa = PBXBuildFile; fileRef = 08715A2729EDEC7C002CB3F3 /* LaunchScreen.storyboard */; };
		08715A3829EDF0F8002CB3F3 /* APIClientType.swift in Sources */ = {isa = PBXBuildFile; fileRef = 08715A3729EDF0F8002CB3F3 /* APIClientType.swift */; };
		08715A3A29EDF2AB002CB3F3 /* APIRouteType.swift in Sources */ = {isa = PBXBuildFile; fileRef = 08715A3929EDF2AB002CB3F3 /* APIRouteType.swift */; };
		08715A3C29EDF2DF002CB3F3 /* APIResponseConvertible.swift in Sources */ = {isa = PBXBuildFile; fileRef = 08715A3B29EDF2DF002CB3F3 /* APIResponseConvertible.swift */; };
		08715A3F29EEE568002CB3F3 /* AuthenticationService.swift in Sources */ = {isa = PBXBuildFile; fileRef = 08715A3E29EEE568002CB3F3 /* AuthenticationService.swift */; };
		0892BADF2A0FF7460074D5F3 /* CartViewController.swift in Sources */ = {isa = PBXBuildFile; fileRef = 0892BADD2A0FF7460074D5F3 /* CartViewController.swift */; };
		0892BAE02A0FF7460074D5F3 /* CartViewController.xib in Resources */ = {isa = PBXBuildFile; fileRef = 0892BADE2A0FF7460074D5F3 /* CartViewController.xib */; };
		089E61DF2A0197C0003B2CAB /* CountryCodeView.swift in Sources */ = {isa = PBXBuildFile; fileRef = 089E61DE2A0197C0003B2CAB /* CountryCodeView.swift */; };
		089E61E12A0197E2003B2CAB /* CountryCodeView.xib in Resources */ = {isa = PBXBuildFile; fileRef = 089E61E02A0197E2003B2CAB /* CountryCodeView.xib */; };
		089E61EA2A044FF0003B2CAB /* ApplicationTheme.swift in Sources */ = {isa = PBXBuildFile; fileRef = 089E61E92A044FF0003B2CAB /* ApplicationTheme.swift */; };
		089E61ED2A045417003B2CAB /* UIView+Extension.swift in Sources */ = {isa = PBXBuildFile; fileRef = 089E61EC2A045417003B2CAB /* UIView+Extension.swift */; };
		089E93832A0EA51A0034BA90 /* ScheduleAddViewController.swift in Sources */ = {isa = PBXBuildFile; fileRef = 089E93812A0EA51A0034BA90 /* ScheduleAddViewController.swift */; };
		089E93842A0EA51A0034BA90 /* ScheduleAddViewController.xib in Resources */ = {isa = PBXBuildFile; fileRef = 089E93822A0EA51A0034BA90 /* ScheduleAddViewController.xib */; };
		089E93862A0EA55B0034BA90 /* ScheduleAddPresenter.swift in Sources */ = {isa = PBXBuildFile; fileRef = 089E93852A0EA55B0034BA90 /* ScheduleAddPresenter.swift */; };
		089E938A2A0EDE350034BA90 /* ScheduleListingViewController.swift in Sources */ = {isa = PBXBuildFile; fileRef = 089E93882A0EDE350034BA90 /* ScheduleListingViewController.swift */; };
		089E938D2A0EDE470034BA90 /* ScheduleListingPresenter.swift in Sources */ = {isa = PBXBuildFile; fileRef = 089E938C2A0EDE470034BA90 /* ScheduleListingPresenter.swift */; };
		089E93912A0EDF0C0034BA90 /* ScheduleTableViewCell.swift in Sources */ = {isa = PBXBuildFile; fileRef = 089E938F2A0EDF0C0034BA90 /* ScheduleTableViewCell.swift */; };
		089E93922A0EDF0C0034BA90 /* ScheduleTableViewCell.xib in Resources */ = {isa = PBXBuildFile; fileRef = 089E93902A0EDF0C0034BA90 /* ScheduleTableViewCell.xib */; };
		089E93952A0EECFB0034BA90 /* ServiceDetailsTableViewCell.swift in Sources */ = {isa = PBXBuildFile; fileRef = 089E93932A0EECFB0034BA90 /* ServiceDetailsTableViewCell.swift */; };
		089E93962A0EECFB0034BA90 /* ServiceDetailsTableViewCell.xib in Resources */ = {isa = PBXBuildFile; fileRef = 089E93942A0EECFB0034BA90 /* ServiceDetailsTableViewCell.xib */; };
		089E93992A0F07A60034BA90 /* Service.swift in Sources */ = {isa = PBXBuildFile; fileRef = 089E93982A0F07A60034BA90 /* Service.swift */; };
		089E939C2A0FAC050034BA90 /* DropDownView.swift in Sources */ = {isa = PBXBuildFile; fileRef = 089E939B2A0FAC050034BA90 /* DropDownView.swift */; };
		089E939E2A0FAC380034BA90 /* DropDownView.xib in Resources */ = {isa = PBXBuildFile; fileRef = 089E939D2A0FAC380034BA90 /* DropDownView.xib */; };
		08AA55C92A05698500F3F8CD /* LoginPresenter.swift in Sources */ = {isa = PBXBuildFile; fileRef = 08AA55C82A05698500F3F8CD /* LoginPresenter.swift */; };
		08AA55CB2A05AC3100F3F8CD /* UIViewController+Snackbar.swift in Sources */ = {isa = PBXBuildFile; fileRef = 08AA55CA2A05AC3100F3F8CD /* UIViewController+Snackbar.swift */; };
		08AA55CD2A05B44000F3F8CD /* OTPPresenter.swift in Sources */ = {isa = PBXBuildFile; fileRef = 08AA55CC2A05B44000F3F8CD /* OTPPresenter.swift */; };
		08AA55D02A06E8E800F3F8CD /* UserSession.swift in Sources */ = {isa = PBXBuildFile; fileRef = 08AA55CF2A06E8E800F3F8CD /* UserSession.swift */; };
		08AA55DA2A07C31000F3F8CD /* ProfileTableViewHeader.swift in Sources */ = {isa = PBXBuildFile; fileRef = 08AA55D92A07C31000F3F8CD /* ProfileTableViewHeader.swift */; };
		08AA55DC2A07C31B00F3F8CD /* ProfileTableViewHeader.xib in Resources */ = {isa = PBXBuildFile; fileRef = 08AA55DB2A07C31B00F3F8CD /* ProfileTableViewHeader.xib */; };
		08AA55DF2A07CAD700F3F8CD /* ProfileTableViewCell.swift in Sources */ = {isa = PBXBuildFile; fileRef = 08AA55DD2A07CAD700F3F8CD /* ProfileTableViewCell.swift */; };
		08AA55E02A07CAD700F3F8CD /* ProfileTableViewCell.xib in Resources */ = {isa = PBXBuildFile; fileRef = 08AA55DE2A07CAD700F3F8CD /* ProfileTableViewCell.xib */; };
		08AA55E22A07CD9100F3F8CD /* ProfilePresenter.swift in Sources */ = {isa = PBXBuildFile; fileRef = 08AA55E12A07CD9100F3F8CD /* ProfilePresenter.swift */; };
		08AA55E42A07D34C00F3F8CD /* UIColor+Hex.swift in Sources */ = {isa = PBXBuildFile; fileRef = 08AA55E32A07D34C00F3F8CD /* UIColor+Hex.swift */; };
		08AA55EB2A07E75C00F3F8CD /* Poppins-Regular.ttf in Resources */ = {isa = PBXBuildFile; fileRef = 08AA55E72A07E75C00F3F8CD /* Poppins-Regular.ttf */; };
		08AA55EC2A07E75C00F3F8CD /* Poppins-Bold.ttf in Resources */ = {isa = PBXBuildFile; fileRef = 08AA55E82A07E75C00F3F8CD /* Poppins-Bold.ttf */; };
		08AA55ED2A07E75C00F3F8CD /* Poppins-Medium.ttf in Resources */ = {isa = PBXBuildFile; fileRef = 08AA55E92A07E75C00F3F8CD /* Poppins-Medium.ttf */; };
		08AA55EE2A07E75C00F3F8CD /* Poppins-SemiBold.ttf in Resources */ = {isa = PBXBuildFile; fileRef = 08AA55EA2A07E75C00F3F8CD /* Poppins-SemiBold.ttf */; };
		08AA55F02A07FD6900F3F8CD /* HomePresenter.swift in Sources */ = {isa = PBXBuildFile; fileRef = 08AA55EF2A07FD6900F3F8CD /* HomePresenter.swift */; };
		08AA55FB2A08150600F3F8CD /* ServiceCollectionViewCell.swift in Sources */ = {isa = PBXBuildFile; fileRef = 08AA55F92A08150600F3F8CD /* ServiceCollectionViewCell.swift */; };
		08AA55FC2A08150600F3F8CD /* ServiceCollectionViewCell.xib in Resources */ = {isa = PBXBuildFile; fileRef = 08AA55FA2A08150600F3F8CD /* ServiceCollectionViewCell.xib */; };
		08AA55FF2A0845E800F3F8CD /* ServiceCollectionViewHeader.swift in Sources */ = {isa = PBXBuildFile; fileRef = 08AA55FD2A0845E800F3F8CD /* ServiceCollectionViewHeader.swift */; };
		08AA56052A0C267F00F3F8CD /* ServiceDetailsViewController.swift in Sources */ = {isa = PBXBuildFile; fileRef = 08AA56032A0C267F00F3F8CD /* ServiceDetailsViewController.swift */; };
		08AA56062A0C267F00F3F8CD /* ServiceDetailsViewController.xib in Resources */ = {isa = PBXBuildFile; fileRef = 08AA56042A0C267F00F3F8CD /* ServiceDetailsViewController.xib */; };
		08AA56082A0C26B900F3F8CD /* ServiceDetailsPresenter.swift in Sources */ = {isa = PBXBuildFile; fileRef = 08AA56072A0C26B900F3F8CD /* ServiceDetailsPresenter.swift */; };
		08E84DB32A16B61600DF8428 /* SlotListingViewController.swift in Sources */ = {isa = PBXBuildFile; fileRef = 08E84DB12A16B61600DF8428 /* SlotListingViewController.swift */; };
		08E84DB42A16B61600DF8428 /* SlotListingViewController.xib in Resources */ = {isa = PBXBuildFile; fileRef = 08E84DB22A16B61600DF8428 /* SlotListingViewController.xib */; };
		08E84DB62A16B62400DF8428 /* SlotListingPresenter.swift in Sources */ = {isa = PBXBuildFile; fileRef = 08E84DB52A16B62400DF8428 /* SlotListingPresenter.swift */; };
		08E84DBA2A17CFAF00DF8428 /* AddressListingViewController.swift in Sources */ = {isa = PBXBuildFile; fileRef = 08E84DB82A17CFAF00DF8428 /* AddressListingViewController.swift */; };
		08E84DBB2A17CFAF00DF8428 /* AddressListingViewController.xib in Resources */ = {isa = PBXBuildFile; fileRef = 08E84DB92A17CFAF00DF8428 /* AddressListingViewController.xib */; };
		08E84DBF2A17CFD300DF8428 /* AddressListingPresenter.swift in Sources */ = {isa = PBXBuildFile; fileRef = 08E84DBE2A17CFD300DF8428 /* AddressListingPresenter.swift */; };
		08E84DC22A17D0DD00DF8428 /* AddressService.swift in Sources */ = {isa = PBXBuildFile; fileRef = 08E84DC12A17D0DD00DF8428 /* AddressService.swift */; };
		E3D6E6151DD76F67454531CC /* Pods_Gardner.framework in Frameworks */ = {isa = PBXBuildFile; fileRef = CBB88E5EC1BB0A076C6BFC5C /* Pods_Gardner.framework */; };
/* End PBXBuildFile section */

/* Begin PBXFileReference section */
		082CAD712A17D5CD00D2B66D /* AddressTableViewCell.swift */ = {isa = PBXFileReference; lastKnownFileType = sourcecode.swift; path = AddressTableViewCell.swift; sourceTree = "<group>"; };
		082CAD722A17D5CD00D2B66D /* AddressTableViewCell.xib */ = {isa = PBXFileReference; lastKnownFileType = file.xib; path = AddressTableViewCell.xib; sourceTree = "<group>"; };
		082CAD752A17D74800D2B66D /* AddressRoutes.swift */ = {isa = PBXFileReference; lastKnownFileType = sourcecode.swift; path = AddressRoutes.swift; sourceTree = "<group>"; };
		08397EA629F18BAB008F8F14 /* AuthenticationRoutes.swift */ = {isa = PBXFileReference; lastKnownFileType = sourcecode.swift; path = AuthenticationRoutes.swift; sourceTree = "<group>"; };
		08397EA829F3DAAF008F8F14 /* NetworkError.swift */ = {isa = PBXFileReference; lastKnownFileType = sourcecode.swift; path = NetworkError.swift; sourceTree = "<group>"; };
		08397EAB29F9140E008F8F14 /* ProfileViewController.swift */ = {isa = PBXFileReference; lastKnownFileType = sourcecode.swift; path = ProfileViewController.swift; sourceTree = "<group>"; };
		08397EAE29F91761008F8F14 /* OrderListingViewController.swift */ = {isa = PBXFileReference; lastKnownFileType = sourcecode.swift; path = OrderListingViewController.swift; sourceTree = "<group>"; };
		08397EB129F97454008F8F14 /* ServiceType.swift */ = {isa = PBXFileReference; lastKnownFileType = sourcecode.swift; path = ServiceType.swift; sourceTree = "<group>"; };
		08397EB329F9752B008F8F14 /* BaseService.swift */ = {isa = PBXFileReference; lastKnownFileType = sourcecode.swift; path = BaseService.swift; sourceTree = "<group>"; };
		08397EB729F97B98008F8F14 /* LoginViewController.swift */ = {isa = PBXFileReference; lastKnownFileType = sourcecode.swift; path = LoginViewController.swift; sourceTree = "<group>"; };
		08397EB829F97B98008F8F14 /* LoginViewController.xib */ = {isa = PBXFileReference; lastKnownFileType = file.xib; path = LoginViewController.xib; sourceTree = "<group>"; };
		08397EBC2A004563008F8F14 /* OTPViewController.swift */ = {isa = PBXFileReference; lastKnownFileType = sourcecode.swift; path = OTPViewController.swift; sourceTree = "<group>"; };
		08397EBD2A004563008F8F14 /* OTPViewController.xib */ = {isa = PBXFileReference; lastKnownFileType = file.xib; path = OTPViewController.xib; sourceTree = "<group>"; };
		08715A1929EDEC7C002CB3F3 /* Gardner.app */ = {isa = PBXFileReference; explicitFileType = wrapper.application; includeInIndex = 0; path = Gardner.app; sourceTree = BUILT_PRODUCTS_DIR; };
		08715A1C29EDEC7C002CB3F3 /* AppDelegate.swift */ = {isa = PBXFileReference; lastKnownFileType = sourcecode.swift; path = AppDelegate.swift; sourceTree = "<group>"; };
		08715A1E29EDEC7C002CB3F3 /* SceneDelegate.swift */ = {isa = PBXFileReference; lastKnownFileType = sourcecode.swift; path = SceneDelegate.swift; sourceTree = "<group>"; };
		08715A2029EDEC7C002CB3F3 /* HomeViewController.swift */ = {isa = PBXFileReference; lastKnownFileType = sourcecode.swift; path = HomeViewController.swift; sourceTree = "<group>"; };
		08715A2329EDEC7C002CB3F3 /* Base */ = {isa = PBXFileReference; lastKnownFileType = file.storyboard; name = Base; path = Base.lproj/Main.storyboard; sourceTree = "<group>"; };
		08715A2529EDEC7C002CB3F3 /* Assets.xcassets */ = {isa = PBXFileReference; lastKnownFileType = folder.assetcatalog; path = Assets.xcassets; sourceTree = "<group>"; };
		08715A2829EDEC7C002CB3F3 /* Base */ = {isa = PBXFileReference; lastKnownFileType = file.storyboard; name = Base; path = Base.lproj/LaunchScreen.storyboard; sourceTree = "<group>"; };
		08715A2A29EDEC7C002CB3F3 /* Info.plist */ = {isa = PBXFileReference; lastKnownFileType = text.plist.xml; path = Info.plist; sourceTree = "<group>"; };
		08715A3729EDF0F8002CB3F3 /* APIClientType.swift */ = {isa = PBXFileReference; lastKnownFileType = sourcecode.swift; path = APIClientType.swift; sourceTree = "<group>"; };
		08715A3929EDF2AB002CB3F3 /* APIRouteType.swift */ = {isa = PBXFileReference; lastKnownFileType = sourcecode.swift; path = APIRouteType.swift; sourceTree = "<group>"; };
		08715A3B29EDF2DF002CB3F3 /* APIResponseConvertible.swift */ = {isa = PBXFileReference; lastKnownFileType = sourcecode.swift; path = APIResponseConvertible.swift; sourceTree = "<group>"; };
		08715A3E29EEE568002CB3F3 /* AuthenticationService.swift */ = {isa = PBXFileReference; lastKnownFileType = sourcecode.swift; path = AuthenticationService.swift; sourceTree = "<group>"; };
		0892BADD2A0FF7460074D5F3 /* CartViewController.swift */ = {isa = PBXFileReference; lastKnownFileType = sourcecode.swift; path = CartViewController.swift; sourceTree = "<group>"; };
		0892BADE2A0FF7460074D5F3 /* CartViewController.xib */ = {isa = PBXFileReference; lastKnownFileType = file.xib; path = CartViewController.xib; sourceTree = "<group>"; };
		089E61DE2A0197C0003B2CAB /* CountryCodeView.swift */ = {isa = PBXFileReference; lastKnownFileType = sourcecode.swift; path = CountryCodeView.swift; sourceTree = "<group>"; };
		089E61E02A0197E2003B2CAB /* CountryCodeView.xib */ = {isa = PBXFileReference; lastKnownFileType = file.xib; path = CountryCodeView.xib; sourceTree = "<group>"; };
		089E61E92A044FF0003B2CAB /* ApplicationTheme.swift */ = {isa = PBXFileReference; lastKnownFileType = sourcecode.swift; path = ApplicationTheme.swift; sourceTree = "<group>"; };
		089E61EC2A045417003B2CAB /* UIView+Extension.swift */ = {isa = PBXFileReference; lastKnownFileType = sourcecode.swift; path = "UIView+Extension.swift"; sourceTree = "<group>"; };
		089E93812A0EA51A0034BA90 /* ScheduleAddViewController.swift */ = {isa = PBXFileReference; lastKnownFileType = sourcecode.swift; path = ScheduleAddViewController.swift; sourceTree = "<group>"; };
		089E93822A0EA51A0034BA90 /* ScheduleAddViewController.xib */ = {isa = PBXFileReference; lastKnownFileType = file.xib; path = ScheduleAddViewController.xib; sourceTree = "<group>"; };
		089E93852A0EA55B0034BA90 /* ScheduleAddPresenter.swift */ = {isa = PBXFileReference; lastKnownFileType = sourcecode.swift; path = ScheduleAddPresenter.swift; sourceTree = "<group>"; };
		089E93882A0EDE350034BA90 /* ScheduleListingViewController.swift */ = {isa = PBXFileReference; lastKnownFileType = sourcecode.swift; path = ScheduleListingViewController.swift; sourceTree = "<group>"; };
		089E938C2A0EDE470034BA90 /* ScheduleListingPresenter.swift */ = {isa = PBXFileReference; lastKnownFileType = sourcecode.swift; path = ScheduleListingPresenter.swift; sourceTree = "<group>"; };
		089E938F2A0EDF0C0034BA90 /* ScheduleTableViewCell.swift */ = {isa = PBXFileReference; lastKnownFileType = sourcecode.swift; path = ScheduleTableViewCell.swift; sourceTree = "<group>"; };
		089E93902A0EDF0C0034BA90 /* ScheduleTableViewCell.xib */ = {isa = PBXFileReference; lastKnownFileType = file.xib; path = ScheduleTableViewCell.xib; sourceTree = "<group>"; };
		089E93932A0EECFB0034BA90 /* ServiceDetailsTableViewCell.swift */ = {isa = PBXFileReference; lastKnownFileType = sourcecode.swift; path = ServiceDetailsTableViewCell.swift; sourceTree = "<group>"; };
		089E93942A0EECFB0034BA90 /* ServiceDetailsTableViewCell.xib */ = {isa = PBXFileReference; lastKnownFileType = file.xib; path = ServiceDetailsTableViewCell.xib; sourceTree = "<group>"; };
		089E93982A0F07A60034BA90 /* Service.swift */ = {isa = PBXFileReference; lastKnownFileType = sourcecode.swift; path = Service.swift; sourceTree = "<group>"; };
		089E939B2A0FAC050034BA90 /* DropDownView.swift */ = {isa = PBXFileReference; lastKnownFileType = sourcecode.swift; path = DropDownView.swift; sourceTree = "<group>"; };
		089E939D2A0FAC380034BA90 /* DropDownView.xib */ = {isa = PBXFileReference; lastKnownFileType = file.xib; path = DropDownView.xib; sourceTree = "<group>"; };
		08AA55C82A05698500F3F8CD /* LoginPresenter.swift */ = {isa = PBXFileReference; lastKnownFileType = sourcecode.swift; path = LoginPresenter.swift; sourceTree = "<group>"; };
		08AA55CA2A05AC3100F3F8CD /* UIViewController+Snackbar.swift */ = {isa = PBXFileReference; lastKnownFileType = sourcecode.swift; path = "UIViewController+Snackbar.swift"; sourceTree = "<group>"; };
		08AA55CC2A05B44000F3F8CD /* OTPPresenter.swift */ = {isa = PBXFileReference; lastKnownFileType = sourcecode.swift; path = OTPPresenter.swift; sourceTree = "<group>"; };
		08AA55CF2A06E8E800F3F8CD /* UserSession.swift */ = {isa = PBXFileReference; lastKnownFileType = sourcecode.swift; path = UserSession.swift; sourceTree = "<group>"; };
		08AA55D92A07C31000F3F8CD /* ProfileTableViewHeader.swift */ = {isa = PBXFileReference; lastKnownFileType = sourcecode.swift; path = ProfileTableViewHeader.swift; sourceTree = "<group>"; };
		08AA55DB2A07C31B00F3F8CD /* ProfileTableViewHeader.xib */ = {isa = PBXFileReference; lastKnownFileType = file.xib; path = ProfileTableViewHeader.xib; sourceTree = "<group>"; };
		08AA55DD2A07CAD700F3F8CD /* ProfileTableViewCell.swift */ = {isa = PBXFileReference; lastKnownFileType = sourcecode.swift; path = ProfileTableViewCell.swift; sourceTree = "<group>"; };
		08AA55DE2A07CAD700F3F8CD /* ProfileTableViewCell.xib */ = {isa = PBXFileReference; lastKnownFileType = file.xib; path = ProfileTableViewCell.xib; sourceTree = "<group>"; };
		08AA55E12A07CD9100F3F8CD /* ProfilePresenter.swift */ = {isa = PBXFileReference; lastKnownFileType = sourcecode.swift; path = ProfilePresenter.swift; sourceTree = "<group>"; };
		08AA55E32A07D34C00F3F8CD /* UIColor+Hex.swift */ = {isa = PBXFileReference; lastKnownFileType = sourcecode.swift; path = "UIColor+Hex.swift"; sourceTree = "<group>"; };
		08AA55E72A07E75C00F3F8CD /* Poppins-Regular.ttf */ = {isa = PBXFileReference; lastKnownFileType = file; path = "Poppins-Regular.ttf"; sourceTree = "<group>"; };
		08AA55E82A07E75C00F3F8CD /* Poppins-Bold.ttf */ = {isa = PBXFileReference; lastKnownFileType = file; path = "Poppins-Bold.ttf"; sourceTree = "<group>"; };
		08AA55E92A07E75C00F3F8CD /* Poppins-Medium.ttf */ = {isa = PBXFileReference; lastKnownFileType = file; path = "Poppins-Medium.ttf"; sourceTree = "<group>"; };
		08AA55EA2A07E75C00F3F8CD /* Poppins-SemiBold.ttf */ = {isa = PBXFileReference; lastKnownFileType = file; path = "Poppins-SemiBold.ttf"; sourceTree = "<group>"; };
		08AA55EF2A07FD6900F3F8CD /* HomePresenter.swift */ = {isa = PBXFileReference; lastKnownFileType = sourcecode.swift; path = HomePresenter.swift; sourceTree = "<group>"; };
		08AA55F92A08150600F3F8CD /* ServiceCollectionViewCell.swift */ = {isa = PBXFileReference; lastKnownFileType = sourcecode.swift; path = ServiceCollectionViewCell.swift; sourceTree = "<group>"; };
		08AA55FA2A08150600F3F8CD /* ServiceCollectionViewCell.xib */ = {isa = PBXFileReference; lastKnownFileType = file.xib; path = ServiceCollectionViewCell.xib; sourceTree = "<group>"; };
		08AA55FD2A0845E800F3F8CD /* ServiceCollectionViewHeader.swift */ = {isa = PBXFileReference; lastKnownFileType = sourcecode.swift; path = ServiceCollectionViewHeader.swift; sourceTree = "<group>"; };
		08AA56032A0C267F00F3F8CD /* ServiceDetailsViewController.swift */ = {isa = PBXFileReference; lastKnownFileType = sourcecode.swift; path = ServiceDetailsViewController.swift; sourceTree = "<group>"; };
		08AA56042A0C267F00F3F8CD /* ServiceDetailsViewController.xib */ = {isa = PBXFileReference; lastKnownFileType = file.xib; path = ServiceDetailsViewController.xib; sourceTree = "<group>"; };
		08AA56072A0C26B900F3F8CD /* ServiceDetailsPresenter.swift */ = {isa = PBXFileReference; lastKnownFileType = sourcecode.swift; path = ServiceDetailsPresenter.swift; sourceTree = "<group>"; };
		08E84DB12A16B61600DF8428 /* SlotListingViewController.swift */ = {isa = PBXFileReference; lastKnownFileType = sourcecode.swift; path = SlotListingViewController.swift; sourceTree = "<group>"; };
		08E84DB22A16B61600DF8428 /* SlotListingViewController.xib */ = {isa = PBXFileReference; lastKnownFileType = file.xib; path = SlotListingViewController.xib; sourceTree = "<group>"; };
		08E84DB52A16B62400DF8428 /* SlotListingPresenter.swift */ = {isa = PBXFileReference; lastKnownFileType = sourcecode.swift; path = SlotListingPresenter.swift; sourceTree = "<group>"; };
		08E84DB82A17CFAF00DF8428 /* AddressListingViewController.swift */ = {isa = PBXFileReference; lastKnownFileType = sourcecode.swift; path = AddressListingViewController.swift; sourceTree = "<group>"; };
		08E84DB92A17CFAF00DF8428 /* AddressListingViewController.xib */ = {isa = PBXFileReference; lastKnownFileType = file.xib; path = AddressListingViewController.xib; sourceTree = "<group>"; };
		08E84DBE2A17CFD300DF8428 /* AddressListingPresenter.swift */ = {isa = PBXFileReference; lastKnownFileType = sourcecode.swift; path = AddressListingPresenter.swift; sourceTree = "<group>"; };
		08E84DC12A17D0DD00DF8428 /* AddressService.swift */ = {isa = PBXFileReference; lastKnownFileType = sourcecode.swift; path = AddressService.swift; sourceTree = "<group>"; };
		3B05354632B17C414B599867 /* Pods-Gardner.debug.xcconfig */ = {isa = PBXFileReference; includeInIndex = 1; lastKnownFileType = text.xcconfig; name = "Pods-Gardner.debug.xcconfig"; path = "Target Support Files/Pods-Gardner/Pods-Gardner.debug.xcconfig"; sourceTree = "<group>"; };
		7D2184E8DDC5FEBD0422E0D8 /* Pods-Gardner.release.xcconfig */ = {isa = PBXFileReference; includeInIndex = 1; lastKnownFileType = text.xcconfig; name = "Pods-Gardner.release.xcconfig"; path = "Target Support Files/Pods-Gardner/Pods-Gardner.release.xcconfig"; sourceTree = "<group>"; };
		CBB88E5EC1BB0A076C6BFC5C /* Pods_Gardner.framework */ = {isa = PBXFileReference; explicitFileType = wrapper.framework; includeInIndex = 0; path = Pods_Gardner.framework; sourceTree = BUILT_PRODUCTS_DIR; };
/* End PBXFileReference section */

/* Begin PBXFrameworksBuildPhase section */
		08715A1629EDEC7C002CB3F3 /* Frameworks */ = {
			isa = PBXFrameworksBuildPhase;
			buildActionMask = 2147483647;
			files = (
				E3D6E6151DD76F67454531CC /* Pods_Gardner.framework in Frameworks */,
			);
			runOnlyForDeploymentPostprocessing = 0;
		};
/* End PBXFrameworksBuildPhase section */

/* Begin PBXGroup section */
		07B189001BA0014000D8CE09 /* Frameworks */ = {
			isa = PBXGroup;
			children = (
				CBB88E5EC1BB0A076C6BFC5C /* Pods_Gardner.framework */,
			);
			name = Frameworks;
			sourceTree = "<group>";
		};
		082CAD702A17D5B300D2B66D /* Cell */ = {
			isa = PBXGroup;
			children = (
				082CAD712A17D5CD00D2B66D /* AddressTableViewCell.swift */,
				082CAD722A17D5CD00D2B66D /* AddressTableViewCell.xib */,
			);
			path = Cell;
			sourceTree = "<group>";
		};
		08397EA529F18B90008F8F14 /* Authentication */ = {
			isa = PBXGroup;
			children = (
				08715A3E29EEE568002CB3F3 /* AuthenticationService.swift */,
				08397EA629F18BAB008F8F14 /* AuthenticationRoutes.swift */,
			);
			path = Authentication;
			sourceTree = "<group>";
		};
		08397EAA29F913E1008F8F14 /* Profile */ = {
			isa = PBXGroup;
			children = (
				08AA55D82A07C2F300F3F8CD /* Cell */,
				08AA55D72A07C2EB00F3F8CD /* Header */,
				08397EAB29F9140E008F8F14 /* ProfileViewController.swift */,
				08AA55E12A07CD9100F3F8CD /* ProfilePresenter.swift */,
			);
			path = Profile;
			sourceTree = "<group>";
		};
		08397EAD29F9174D008F8F14 /* Order */ = {
			isa = PBXGroup;
			children = (
				08397EAE29F91761008F8F14 /* OrderListingViewController.swift */,
			);
			path = Order;
			sourceTree = "<group>";
		};
		08397EB529F97B3D008F8F14 /* Onboarding */ = {
			isa = PBXGroup;
			children = (
				08397EBB2A00454C008F8F14 /* OTP */,
				08397EB629F97B54008F8F14 /* Login */,
			);
			path = Onboarding;
			sourceTree = "<group>";
		};
		08397EB629F97B54008F8F14 /* Login */ = {
			isa = PBXGroup;
			children = (
				08397EB729F97B98008F8F14 /* LoginViewController.swift */,
				08397EB829F97B98008F8F14 /* LoginViewController.xib */,
				08AA55C82A05698500F3F8CD /* LoginPresenter.swift */,
			);
			path = Login;
			sourceTree = "<group>";
		};
		08397EBB2A00454C008F8F14 /* OTP */ = {
			isa = PBXGroup;
			children = (
				08397EBC2A004563008F8F14 /* OTPViewController.swift */,
				08397EBD2A004563008F8F14 /* OTPViewController.xib */,
				08AA55CC2A05B44000F3F8CD /* OTPPresenter.swift */,
			);
			path = OTP;
			sourceTree = "<group>";
		};
		08715A1029EDEC7C002CB3F3 = {
			isa = PBXGroup;
			children = (
				08715A1B29EDEC7C002CB3F3 /* Gardner */,
				08715A1A29EDEC7C002CB3F3 /* Products */,
				EEFE174929656FD049032B64 /* Pods */,
				07B189001BA0014000D8CE09 /* Frameworks */,
			);
			sourceTree = "<group>";
		};
		08715A1A29EDEC7C002CB3F3 /* Products */ = {
			isa = PBXGroup;
			children = (
				08715A1929EDEC7C002CB3F3 /* Gardner.app */,
			);
			name = Products;
			sourceTree = "<group>";
		};
		08715A1B29EDEC7C002CB3F3 /* Gardner */ = {
			isa = PBXGroup;
			children = (
				089E939A2A0FABE40034BA90 /* Component */,
				089E93972A0F07960034BA90 /* Models */,
				08AA55E52A07E67400F3F8CD /* Assets */,
				08AA55CE2A06E8D000F3F8CD /* Session */,
				089E61EB2A0453FA003B2CAB /* Extensions */,
				089E61E82A044FE2003B2CAB /* Theme */,
				089E61DD2A01979F003B2CAB /* Components */,
				08715A3D29EEE554002CB3F3 /* Services */,
				08715A3229EDECA0002CB3F3 /* Repository */,
				08715A3129EDEC94002CB3F3 /* Network */,
				08715A3029EDEC86002CB3F3 /* Presentation */,
				08715A1C29EDEC7C002CB3F3 /* AppDelegate.swift */,
				08715A1E29EDEC7C002CB3F3 /* SceneDelegate.swift */,
				08715A2229EDEC7C002CB3F3 /* Main.storyboard */,
				08715A2529EDEC7C002CB3F3 /* Assets.xcassets */,
				08715A2729EDEC7C002CB3F3 /* LaunchScreen.storyboard */,
				08715A2A29EDEC7C002CB3F3 /* Info.plist */,
			);
			path = Gardner;
			sourceTree = "<group>";
		};
		08715A3029EDEC86002CB3F3 /* Presentation */ = {
			isa = PBXGroup;
			children = (
				08E84DBD2A17CFBD00DF8428 /* Listing */,
				08E84DBC2A17CFB500DF8428 /* Add */,
				08E84DB72A17CF5100DF8428 /* Address */,
				08E84DB02A16B60100DF8428 /* Slot */,
				0892BADC2A0FF7280074D5F3 /* Cart */,
				089E93802A0EA4F40034BA90 /* ScheduleAdd */,
				08AA56022A0C265500F3F8CD /* ServiceDetails */,
				08AA55D12A07873300F3F8CD /* Home */,
				08397EB529F97B3D008F8F14 /* Onboarding */,
				08397EAD29F9174D008F8F14 /* Order */,
				089E93872A0EDE1E0034BA90 /* ScheduleListing */,
				08397EAA29F913E1008F8F14 /* Profile */,
			);
			path = Presentation;
			sourceTree = "<group>";
		};
		08715A3129EDEC94002CB3F3 /* Network */ = {
			isa = PBXGroup;
			children = (
				08715A3729EDF0F8002CB3F3 /* APIClientType.swift */,
				08715A3B29EDF2DF002CB3F3 /* APIResponseConvertible.swift */,
				08397EA829F3DAAF008F8F14 /* NetworkError.swift */,
				08715A3929EDF2AB002CB3F3 /* APIRouteType.swift */,
			);
			path = Network;
			sourceTree = "<group>";
		};
		08715A3229EDECA0002CB3F3 /* Repository */ = {
			isa = PBXGroup;
			children = (
			);
			path = Repository;
			sourceTree = "<group>";
		};
		08715A3D29EEE554002CB3F3 /* Services */ = {
			isa = PBXGroup;
			children = (
				08E84DC02A17D0CC00DF8428 /* Address */,
				08AA56012A084B0A00F3F8CD /* Home */,
				08397EB129F97454008F8F14 /* ServiceType.swift */,
				08397EB329F9752B008F8F14 /* BaseService.swift */,
				08397EA529F18B90008F8F14 /* Authentication */,
			);
			path = Services;
			sourceTree = "<group>";
		};
		0892BADC2A0FF7280074D5F3 /* Cart */ = {
			isa = PBXGroup;
			children = (
				0892BADD2A0FF7460074D5F3 /* CartViewController.swift */,
				0892BADE2A0FF7460074D5F3 /* CartViewController.xib */,
			);
			path = Cart;
			sourceTree = "<group>";
		};
		089E61DD2A01979F003B2CAB /* Components */ = {
			isa = PBXGroup;
			children = (
				089E61DE2A0197C0003B2CAB /* CountryCodeView.swift */,
				089E61E02A0197E2003B2CAB /* CountryCodeView.xib */,
			);
			path = Components;
			sourceTree = "<group>";
		};
		089E61E82A044FE2003B2CAB /* Theme */ = {
			isa = PBXGroup;
			children = (
				089E61E92A044FF0003B2CAB /* ApplicationTheme.swift */,
			);
			path = Theme;
			sourceTree = "<group>";
		};
		089E61EB2A0453FA003B2CAB /* Extensions */ = {
			isa = PBXGroup;
			children = (
				089E61EC2A045417003B2CAB /* UIView+Extension.swift */,
				08AA55CA2A05AC3100F3F8CD /* UIViewController+Snackbar.swift */,
				08AA55E32A07D34C00F3F8CD /* UIColor+Hex.swift */,
			);
			path = Extensions;
			sourceTree = "<group>";
		};
		089E93802A0EA4F40034BA90 /* ScheduleAdd */ = {
			isa = PBXGroup;
			children = (
				089E93812A0EA51A0034BA90 /* ScheduleAddViewController.swift */,
				089E93822A0EA51A0034BA90 /* ScheduleAddViewController.xib */,
				089E93852A0EA55B0034BA90 /* ScheduleAddPresenter.swift */,
			);
			path = ScheduleAdd;
			sourceTree = "<group>";
		};
		089E93872A0EDE1E0034BA90 /* ScheduleListing */ = {
			isa = PBXGroup;
			children = (
				089E938E2A0EDEE70034BA90 /* Cell */,
				089E93882A0EDE350034BA90 /* ScheduleListingViewController.swift */,
				089E938C2A0EDE470034BA90 /* ScheduleListingPresenter.swift */,
			);
			path = ScheduleListing;
			sourceTree = "<group>";
		};
		089E938E2A0EDEE70034BA90 /* Cell */ = {
			isa = PBXGroup;
			children = (
				089E938F2A0EDF0C0034BA90 /* ScheduleTableViewCell.swift */,
				089E93902A0EDF0C0034BA90 /* ScheduleTableViewCell.xib */,
			);
			path = Cell;
			sourceTree = "<group>";
		};
		089E93972A0F07960034BA90 /* Models */ = {
			isa = PBXGroup;
			children = (
				089E93982A0F07A60034BA90 /* Service.swift */,
			);
			path = Models;
			sourceTree = "<group>";
		};
		089E939A2A0FABE40034BA90 /* Component */ = {
			isa = PBXGroup;
			children = (
				089E939B2A0FAC050034BA90 /* DropDownView.swift */,
				089E939D2A0FAC380034BA90 /* DropDownView.xib */,
			);
			path = Component;
			sourceTree = "<group>";
		};
		08AA55CE2A06E8D000F3F8CD /* Session */ = {
			isa = PBXGroup;
			children = (
				08AA55CF2A06E8E800F3F8CD /* UserSession.swift */,
			);
			path = Session;
			sourceTree = "<group>";
		};
		08AA55D12A07873300F3F8CD /* Home */ = {
			isa = PBXGroup;
			children = (
				08AA55F62A08149F00F3F8CD /* Cell */,
				08AA55D22A07874000F3F8CD /* Header */,
				08715A2029EDEC7C002CB3F3 /* HomeViewController.swift */,
				08AA55EF2A07FD6900F3F8CD /* HomePresenter.swift */,
			);
			path = Home;
			sourceTree = "<group>";
		};
		08AA55D22A07874000F3F8CD /* Header */ = {
			isa = PBXGroup;
			children = (
				08AA55FD2A0845E800F3F8CD /* ServiceCollectionViewHeader.swift */,
			);
			path = Header;
			sourceTree = "<group>";
		};
		08AA55D72A07C2EB00F3F8CD /* Header */ = {
			isa = PBXGroup;
			children = (
				08AA55D92A07C31000F3F8CD /* ProfileTableViewHeader.swift */,
				08AA55DB2A07C31B00F3F8CD /* ProfileTableViewHeader.xib */,
			);
			path = Header;
			sourceTree = "<group>";
		};
		08AA55D82A07C2F300F3F8CD /* Cell */ = {
			isa = PBXGroup;
			children = (
				08AA55DD2A07CAD700F3F8CD /* ProfileTableViewCell.swift */,
				08AA55DE2A07CAD700F3F8CD /* ProfileTableViewCell.xib */,
			);
			path = Cell;
			sourceTree = "<group>";
		};
		08AA55E52A07E67400F3F8CD /* Assets */ = {
			isa = PBXGroup;
			children = (
				08AA55E62A07E68700F3F8CD /* Fonts */,
			);
			path = Assets;
			sourceTree = "<group>";
		};
		08AA55E62A07E68700F3F8CD /* Fonts */ = {
			isa = PBXGroup;
			children = (
				08AA55E82A07E75C00F3F8CD /* Poppins-Bold.ttf */,
				08AA55E92A07E75C00F3F8CD /* Poppins-Medium.ttf */,
				08AA55E72A07E75C00F3F8CD /* Poppins-Regular.ttf */,
				08AA55EA2A07E75C00F3F8CD /* Poppins-SemiBold.ttf */,
			);
			path = Fonts;
			sourceTree = "<group>";
		};
		08AA55F62A08149F00F3F8CD /* Cell */ = {
			isa = PBXGroup;
			children = (
				08AA55F92A08150600F3F8CD /* ServiceCollectionViewCell.swift */,
				08AA55FA2A08150600F3F8CD /* ServiceCollectionViewCell.xib */,
			);
			path = Cell;
			sourceTree = "<group>";
		};
		08AA56012A084B0A00F3F8CD /* Home */ = {
			isa = PBXGroup;
			children = (
			);
			path = Home;
			sourceTree = "<group>";
		};
		08AA56022A0C265500F3F8CD /* ServiceDetails */ = {
			isa = PBXGroup;
			children = (
				08AA56092A0D09F600F3F8CD /* Cell */,
				08AA56032A0C267F00F3F8CD /* ServiceDetailsViewController.swift */,
				08AA56042A0C267F00F3F8CD /* ServiceDetailsViewController.xib */,
				08AA56072A0C26B900F3F8CD /* ServiceDetailsPresenter.swift */,
			);
			path = ServiceDetails;
			sourceTree = "<group>";
		};
		08AA56092A0D09F600F3F8CD /* Cell */ = {
			isa = PBXGroup;
			children = (
				089E93932A0EECFB0034BA90 /* ServiceDetailsTableViewCell.swift */,
				089E93942A0EECFB0034BA90 /* ServiceDetailsTableViewCell.xib */,
			);
			path = Cell;
			sourceTree = "<group>";
		};
		08E84DB02A16B60100DF8428 /* Slot */ = {
			isa = PBXGroup;
			children = (
				08E84DB12A16B61600DF8428 /* SlotListingViewController.swift */,
				08E84DB22A16B61600DF8428 /* SlotListingViewController.xib */,
				08E84DB52A16B62400DF8428 /* SlotListingPresenter.swift */,
			);
			path = Slot;
			sourceTree = "<group>";
		};
		08E84DB72A17CF5100DF8428 /* Address */ = {
			isa = PBXGroup;
			children = (
			);
			path = Address;
			sourceTree = "<group>";
		};
		08E84DBC2A17CFB500DF8428 /* Add */ = {
			isa = PBXGroup;
			children = (
			);
			path = Add;
			sourceTree = "<group>";
		};
		08E84DBD2A17CFBD00DF8428 /* Listing */ = {
			isa = PBXGroup;
			children = (
				082CAD702A17D5B300D2B66D /* Cell */,
				08E84DB82A17CFAF00DF8428 /* AddressListingViewController.swift */,
				08E84DB92A17CFAF00DF8428 /* AddressListingViewController.xib */,
				08E84DBE2A17CFD300DF8428 /* AddressListingPresenter.swift */,
			);
			path = Listing;
			sourceTree = "<group>";
		};
		08E84DC02A17D0CC00DF8428 /* Address */ = {
			isa = PBXGroup;
			children = (
				08E84DC12A17D0DD00DF8428 /* AddressService.swift */,
				082CAD752A17D74800D2B66D /* AddressRoutes.swift */,
			);
			path = Address;
			sourceTree = "<group>";
		};
		EEFE174929656FD049032B64 /* Pods */ = {
			isa = PBXGroup;
			children = (
				3B05354632B17C414B599867 /* Pods-Gardner.debug.xcconfig */,
				7D2184E8DDC5FEBD0422E0D8 /* Pods-Gardner.release.xcconfig */,
			);
			path = Pods;
			sourceTree = "<group>";
		};
/* End PBXGroup section */

/* Begin PBXNativeTarget section */
		08715A1829EDEC7C002CB3F3 /* Gardner */ = {
			isa = PBXNativeTarget;
			buildConfigurationList = 08715A2D29EDEC7C002CB3F3 /* Build configuration list for PBXNativeTarget "Gardner" */;
			buildPhases = (
				01B60E8577D50CE7B97DDDFB /* [CP] Check Pods Manifest.lock */,
				08715A1529EDEC7C002CB3F3 /* Sources */,
				08715A1629EDEC7C002CB3F3 /* Frameworks */,
				08715A1729EDEC7C002CB3F3 /* Resources */,
				73CCF4C36CBDFB267F07B02F /* [CP] Embed Pods Frameworks */,
			);
			buildRules = (
			);
			dependencies = (
			);
			name = Gardner;
			productName = Gardner;
			productReference = 08715A1929EDEC7C002CB3F3 /* Gardner.app */;
			productType = "com.apple.product-type.application";
		};
/* End PBXNativeTarget section */

/* Begin PBXProject section */
		08715A1129EDEC7C002CB3F3 /* Project object */ = {
			isa = PBXProject;
			attributes = {
				BuildIndependentTargetsInParallel = 1;
				LastSwiftUpdateCheck = 1420;
				LastUpgradeCheck = 1420;
				TargetAttributes = {
					08715A1829EDEC7C002CB3F3 = {
						CreatedOnToolsVersion = 14.2;
					};
				};
			};
			buildConfigurationList = 08715A1429EDEC7C002CB3F3 /* Build configuration list for PBXProject "Gardner" */;
			compatibilityVersion = "Xcode 14.0";
			developmentRegion = en;
			hasScannedForEncodings = 0;
			knownRegions = (
				en,
				Base,
			);
			mainGroup = 08715A1029EDEC7C002CB3F3;
			productRefGroup = 08715A1A29EDEC7C002CB3F3 /* Products */;
			projectDirPath = "";
			projectRoot = "";
			targets = (
				08715A1829EDEC7C002CB3F3 /* Gardner */,
			);
		};
/* End PBXProject section */

/* Begin PBXResourcesBuildPhase section */
		08715A1729EDEC7C002CB3F3 /* Resources */ = {
			isa = PBXResourcesBuildPhase;
			buildActionMask = 2147483647;
			files = (
				08AA55DC2A07C31B00F3F8CD /* ProfileTableViewHeader.xib in Resources */,
				089E61E12A0197E2003B2CAB /* CountryCodeView.xib in Resources */,
				082CAD742A17D5CD00D2B66D /* AddressTableViewCell.xib in Resources */,
				08397EBA29F97B98008F8F14 /* LoginViewController.xib in Resources */,
				089E93842A0EA51A0034BA90 /* ScheduleAddViewController.xib in Resources */,
				08715A2929EDEC7C002CB3F3 /* LaunchScreen.storyboard in Resources */,
				08E84DB42A16B61600DF8428 /* SlotListingViewController.xib in Resources */,
				08AA56062A0C267F00F3F8CD /* ServiceDetailsViewController.xib in Resources */,
				08AA55EE2A07E75C00F3F8CD /* Poppins-SemiBold.ttf in Resources */,
				089E93922A0EDF0C0034BA90 /* ScheduleTableViewCell.xib in Resources */,
				08715A2629EDEC7C002CB3F3 /* Assets.xcassets in Resources */,
				089E939E2A0FAC380034BA90 /* DropDownView.xib in Resources */,
				08AA55E02A07CAD700F3F8CD /* ProfileTableViewCell.xib in Resources */,
				08AA55FC2A08150600F3F8CD /* ServiceCollectionViewCell.xib in Resources */,
				08AA55EC2A07E75C00F3F8CD /* Poppins-Bold.ttf in Resources */,
				08715A2429EDEC7C002CB3F3 /* Main.storyboard in Resources */,
				089E93962A0EECFB0034BA90 /* ServiceDetailsTableViewCell.xib in Resources */,
				08AA55ED2A07E75C00F3F8CD /* Poppins-Medium.ttf in Resources */,
				08397EBF2A004563008F8F14 /* OTPViewController.xib in Resources */,
				08E84DBB2A17CFAF00DF8428 /* AddressListingViewController.xib in Resources */,
				0892BAE02A0FF7460074D5F3 /* CartViewController.xib in Resources */,
				08AA55EB2A07E75C00F3F8CD /* Poppins-Regular.ttf in Resources */,
			);
			runOnlyForDeploymentPostprocessing = 0;
		};
/* End PBXResourcesBuildPhase section */

/* Begin PBXShellScriptBuildPhase section */
		01B60E8577D50CE7B97DDDFB /* [CP] Check Pods Manifest.lock */ = {
			isa = PBXShellScriptBuildPhase;
			buildActionMask = 2147483647;
			files = (
			);
			inputFileListPaths = (
			);
			inputPaths = (
				"${PODS_PODFILE_DIR_PATH}/Podfile.lock",
				"${PODS_ROOT}/Manifest.lock",
			);
			name = "[CP] Check Pods Manifest.lock";
			outputFileListPaths = (
			);
			outputPaths = (
				"$(DERIVED_FILE_DIR)/Pods-Gardner-checkManifestLockResult.txt",
			);
			runOnlyForDeploymentPostprocessing = 0;
			shellPath = /bin/sh;
			shellScript = "diff \"${PODS_PODFILE_DIR_PATH}/Podfile.lock\" \"${PODS_ROOT}/Manifest.lock\" > /dev/null\nif [ $? != 0 ] ; then\n    # print error to STDERR\n    echo \"error: The sandbox is not in sync with the Podfile.lock. Run 'pod install' or update your CocoaPods installation.\" >&2\n    exit 1\nfi\n# This output is used by Xcode 'outputs' to avoid re-running this script phase.\necho \"SUCCESS\" > \"${SCRIPT_OUTPUT_FILE_0}\"\n";
			showEnvVarsInLog = 0;
		};
		73CCF4C36CBDFB267F07B02F /* [CP] Embed Pods Frameworks */ = {
			isa = PBXShellScriptBuildPhase;
			buildActionMask = 2147483647;
			files = (
			);
			inputFileListPaths = (
				"${PODS_ROOT}/Target Support Files/Pods-Gardner/Pods-Gardner-frameworks-${CONFIGURATION}-input-files.xcfilelist",
			);
			name = "[CP] Embed Pods Frameworks";
			outputFileListPaths = (
				"${PODS_ROOT}/Target Support Files/Pods-Gardner/Pods-Gardner-frameworks-${CONFIGURATION}-output-files.xcfilelist",
			);
			runOnlyForDeploymentPostprocessing = 0;
			shellPath = /bin/sh;
			shellScript = "\"${PODS_ROOT}/Target Support Files/Pods-Gardner/Pods-Gardner-frameworks.sh\"\n";
			showEnvVarsInLog = 0;
		};
/* End PBXShellScriptBuildPhase section */

/* Begin PBXSourcesBuildPhase section */
		08715A1529EDEC7C002CB3F3 /* Sources */ = {
			isa = PBXSourcesBuildPhase;
			buildActionMask = 2147483647;
			files = (
				08E84DB32A16B61600DF8428 /* SlotListingViewController.swift in Sources */,
				08397EBE2A004563008F8F14 /* OTPViewController.swift in Sources */,
				08397EB929F97B98008F8F14 /* LoginViewController.swift in Sources */,
				08AA55E42A07D34C00F3F8CD /* UIColor+Hex.swift in Sources */,
				08AA56082A0C26B900F3F8CD /* ServiceDetailsPresenter.swift in Sources */,
				08715A2129EDEC7C002CB3F3 /* HomeViewController.swift in Sources */,
				08AA55DA2A07C31000F3F8CD /* ProfileTableViewHeader.swift in Sources */,
				089E93832A0EA51A0034BA90 /* ScheduleAddViewController.swift in Sources */,
				08AA56052A0C267F00F3F8CD /* ServiceDetailsViewController.swift in Sources */,
				08715A3A29EDF2AB002CB3F3 /* APIRouteType.swift in Sources */,
				08AA55F02A07FD6900F3F8CD /* HomePresenter.swift in Sources */,
				089E93912A0EDF0C0034BA90 /* ScheduleTableViewCell.swift in Sources */,
				08AA55C92A05698500F3F8CD /* LoginPresenter.swift in Sources */,
				0892BADF2A0FF7460074D5F3 /* CartViewController.swift in Sources */,
				089E938D2A0EDE470034BA90 /* ScheduleListingPresenter.swift in Sources */,
				089E61EA2A044FF0003B2CAB /* ApplicationTheme.swift in Sources */,
				082CAD762A17D74800D2B66D /* AddressRoutes.swift in Sources */,
				089E939C2A0FAC050034BA90 /* DropDownView.swift in Sources */,
				08AA55FB2A08150600F3F8CD /* ServiceCollectionViewCell.swift in Sources */,
				08397EAC29F9140E008F8F14 /* ProfileViewController.swift in Sources */,
				089E93862A0EA55B0034BA90 /* ScheduleAddPresenter.swift in Sources */,
				08715A1D29EDEC7C002CB3F3 /* AppDelegate.swift in Sources */,
				08715A3C29EDF2DF002CB3F3 /* APIResponseConvertible.swift in Sources */,
				08E84DC22A17D0DD00DF8428 /* AddressService.swift in Sources */,
				08715A1F29EDEC7C002CB3F3 /* SceneDelegate.swift in Sources */,
				08AA55E22A07CD9100F3F8CD /* ProfilePresenter.swift in Sources */,
				089E938A2A0EDE350034BA90 /* ScheduleListingViewController.swift in Sources */,
				082CAD732A17D5CD00D2B66D /* AddressTableViewCell.swift in Sources */,
				08E84DB62A16B62400DF8428 /* SlotListingPresenter.swift in Sources */,
				08715A3829EDF0F8002CB3F3 /* APIClientType.swift in Sources */,
				08397EB429F9752B008F8F14 /* BaseService.swift in Sources */,
				08397EA929F3DAAF008F8F14 /* NetworkError.swift in Sources */,
				089E93952A0EECFB0034BA90 /* ServiceDetailsTableViewCell.swift in Sources */,
				089E61ED2A045417003B2CAB /* UIView+Extension.swift in Sources */,
				08715A3F29EEE568002CB3F3 /* AuthenticationService.swift in Sources */,
				08397EAF29F91761008F8F14 /* OrderListingViewController.swift in Sources */,
				08E84DBA2A17CFAF00DF8428 /* AddressListingViewController.swift in Sources */,
				089E93992A0F07A60034BA90 /* Service.swift in Sources */,
				08397EA729F18BAB008F8F14 /* AuthenticationRoutes.swift in Sources */,
				08AA55D02A06E8E800F3F8CD /* UserSession.swift in Sources */,
				08AA55CD2A05B44000F3F8CD /* OTPPresenter.swift in Sources */,
				08397EB229F97454008F8F14 /* ServiceType.swift in Sources */,
				08E84DBF2A17CFD300DF8428 /* AddressListingPresenter.swift in Sources */,
				089E61DF2A0197C0003B2CAB /* CountryCodeView.swift in Sources */,
				08AA55FF2A0845E800F3F8CD /* ServiceCollectionViewHeader.swift in Sources */,
				08AA55DF2A07CAD700F3F8CD /* ProfileTableViewCell.swift in Sources */,
				08AA55CB2A05AC3100F3F8CD /* UIViewController+Snackbar.swift in Sources */,
			);
			runOnlyForDeploymentPostprocessing = 0;
		};
/* End PBXSourcesBuildPhase section */

/* Begin PBXVariantGroup section */
		08715A2229EDEC7C002CB3F3 /* Main.storyboard */ = {
			isa = PBXVariantGroup;
			children = (
				08715A2329EDEC7C002CB3F3 /* Base */,
			);
			name = Main.storyboard;
			sourceTree = "<group>";
		};
		08715A2729EDEC7C002CB3F3 /* LaunchScreen.storyboard */ = {
			isa = PBXVariantGroup;
			children = (
				08715A2829EDEC7C002CB3F3 /* Base */,
			);
			name = LaunchScreen.storyboard;
			sourceTree = "<group>";
		};
/* End PBXVariantGroup section */

/* Begin XCBuildConfiguration section */
		08715A2B29EDEC7C002CB3F3 /* Debug */ = {
			isa = XCBuildConfiguration;
			buildSettings = {
				ALWAYS_SEARCH_USER_PATHS = NO;
				CLANG_ANALYZER_NONNULL = YES;
				CLANG_ANALYZER_NUMBER_OBJECT_CONVERSION = YES_AGGRESSIVE;
				CLANG_CXX_LANGUAGE_STANDARD = "gnu++20";
				CLANG_ENABLE_MODULES = YES;
				CLANG_ENABLE_OBJC_ARC = YES;
				CLANG_ENABLE_OBJC_WEAK = YES;
				CLANG_WARN_BLOCK_CAPTURE_AUTORELEASING = YES;
				CLANG_WARN_BOOL_CONVERSION = YES;
				CLANG_WARN_COMMA = YES;
				CLANG_WARN_CONSTANT_CONVERSION = YES;
				CLANG_WARN_DEPRECATED_OBJC_IMPLEMENTATIONS = YES;
				CLANG_WARN_DIRECT_OBJC_ISA_USAGE = YES_ERROR;
				CLANG_WARN_DOCUMENTATION_COMMENTS = YES;
				CLANG_WARN_EMPTY_BODY = YES;
				CLANG_WARN_ENUM_CONVERSION = YES;
				CLANG_WARN_INFINITE_RECURSION = YES;
				CLANG_WARN_INT_CONVERSION = YES;
				CLANG_WARN_NON_LITERAL_NULL_CONVERSION = YES;
				CLANG_WARN_OBJC_IMPLICIT_RETAIN_SELF = YES;
				CLANG_WARN_OBJC_LITERAL_CONVERSION = YES;
				CLANG_WARN_OBJC_ROOT_CLASS = YES_ERROR;
				CLANG_WARN_QUOTED_INCLUDE_IN_FRAMEWORK_HEADER = YES;
				CLANG_WARN_RANGE_LOOP_ANALYSIS = YES;
				CLANG_WARN_STRICT_PROTOTYPES = YES;
				CLANG_WARN_SUSPICIOUS_MOVE = YES;
				CLANG_WARN_UNGUARDED_AVAILABILITY = YES_AGGRESSIVE;
				CLANG_WARN_UNREACHABLE_CODE = YES;
				CLANG_WARN__DUPLICATE_METHOD_MATCH = YES;
				COPY_PHASE_STRIP = NO;
				DEBUG_INFORMATION_FORMAT = dwarf;
				ENABLE_STRICT_OBJC_MSGSEND = YES;
				ENABLE_TESTABILITY = YES;
				GCC_C_LANGUAGE_STANDARD = gnu11;
				GCC_DYNAMIC_NO_PIC = NO;
				GCC_NO_COMMON_BLOCKS = YES;
				GCC_OPTIMIZATION_LEVEL = 0;
				GCC_PREPROCESSOR_DEFINITIONS = (
					"DEBUG=1",
					"$(inherited)",
				);
				GCC_WARN_64_TO_32_BIT_CONVERSION = YES;
				GCC_WARN_ABOUT_RETURN_TYPE = YES_ERROR;
				GCC_WARN_UNDECLARED_SELECTOR = YES;
				GCC_WARN_UNINITIALIZED_AUTOS = YES_AGGRESSIVE;
				GCC_WARN_UNUSED_FUNCTION = YES;
				GCC_WARN_UNUSED_VARIABLE = YES;
				IPHONEOS_DEPLOYMENT_TARGET = 16.2;
				MTL_ENABLE_DEBUG_INFO = INCLUDE_SOURCE;
				MTL_FAST_MATH = YES;
				ONLY_ACTIVE_ARCH = YES;
				SDKROOT = iphoneos;
				SWIFT_ACTIVE_COMPILATION_CONDITIONS = DEBUG;
				SWIFT_OPTIMIZATION_LEVEL = "-Onone";
			};
			name = Debug;
		};
		08715A2C29EDEC7C002CB3F3 /* Release */ = {
			isa = XCBuildConfiguration;
			buildSettings = {
				ALWAYS_SEARCH_USER_PATHS = NO;
				CLANG_ANALYZER_NONNULL = YES;
				CLANG_ANALYZER_NUMBER_OBJECT_CONVERSION = YES_AGGRESSIVE;
				CLANG_CXX_LANGUAGE_STANDARD = "gnu++20";
				CLANG_ENABLE_MODULES = YES;
				CLANG_ENABLE_OBJC_ARC = YES;
				CLANG_ENABLE_OBJC_WEAK = YES;
				CLANG_WARN_BLOCK_CAPTURE_AUTORELEASING = YES;
				CLANG_WARN_BOOL_CONVERSION = YES;
				CLANG_WARN_COMMA = YES;
				CLANG_WARN_CONSTANT_CONVERSION = YES;
				CLANG_WARN_DEPRECATED_OBJC_IMPLEMENTATIONS = YES;
				CLANG_WARN_DIRECT_OBJC_ISA_USAGE = YES_ERROR;
				CLANG_WARN_DOCUMENTATION_COMMENTS = YES;
				CLANG_WARN_EMPTY_BODY = YES;
				CLANG_WARN_ENUM_CONVERSION = YES;
				CLANG_WARN_INFINITE_RECURSION = YES;
				CLANG_WARN_INT_CONVERSION = YES;
				CLANG_WARN_NON_LITERAL_NULL_CONVERSION = YES;
				CLANG_WARN_OBJC_IMPLICIT_RETAIN_SELF = YES;
				CLANG_WARN_OBJC_LITERAL_CONVERSION = YES;
				CLANG_WARN_OBJC_ROOT_CLASS = YES_ERROR;
				CLANG_WARN_QUOTED_INCLUDE_IN_FRAMEWORK_HEADER = YES;
				CLANG_WARN_RANGE_LOOP_ANALYSIS = YES;
				CLANG_WARN_STRICT_PROTOTYPES = YES;
				CLANG_WARN_SUSPICIOUS_MOVE = YES;
				CLANG_WARN_UNGUARDED_AVAILABILITY = YES_AGGRESSIVE;
				CLANG_WARN_UNREACHABLE_CODE = YES;
				CLANG_WARN__DUPLICATE_METHOD_MATCH = YES;
				COPY_PHASE_STRIP = NO;
				DEBUG_INFORMATION_FORMAT = "dwarf-with-dsym";
				ENABLE_NS_ASSERTIONS = NO;
				ENABLE_STRICT_OBJC_MSGSEND = YES;
				GCC_C_LANGUAGE_STANDARD = gnu11;
				GCC_NO_COMMON_BLOCKS = YES;
				GCC_WARN_64_TO_32_BIT_CONVERSION = YES;
				GCC_WARN_ABOUT_RETURN_TYPE = YES_ERROR;
				GCC_WARN_UNDECLARED_SELECTOR = YES;
				GCC_WARN_UNINITIALIZED_AUTOS = YES_AGGRESSIVE;
				GCC_WARN_UNUSED_FUNCTION = YES;
				GCC_WARN_UNUSED_VARIABLE = YES;
				IPHONEOS_DEPLOYMENT_TARGET = 16.2;
				MTL_ENABLE_DEBUG_INFO = NO;
				MTL_FAST_MATH = YES;
				SDKROOT = iphoneos;
				SWIFT_COMPILATION_MODE = wholemodule;
				SWIFT_OPTIMIZATION_LEVEL = "-O";
				VALIDATE_PRODUCT = YES;
			};
			name = Release;
		};
		08715A2E29EDEC7C002CB3F3 /* Debug */ = {
			isa = XCBuildConfiguration;
			baseConfigurationReference = 3B05354632B17C414B599867 /* Pods-Gardner.debug.xcconfig */;
			buildSettings = {
				ASSETCATALOG_COMPILER_APPICON_NAME = AppIcon;
				ASSETCATALOG_COMPILER_GLOBAL_ACCENT_COLOR_NAME = AccentColor;
				CODE_SIGN_STYLE = Automatic;
				CURRENT_PROJECT_VERSION = 1;
				GENERATE_INFOPLIST_FILE = YES;
				INFOPLIST_FILE = Gardner/Info.plist;
				INFOPLIST_KEY_CFBundleDisplayName = GreenCare;
				INFOPLIST_KEY_UIApplicationSupportsIndirectInputEvents = YES;
				INFOPLIST_KEY_UILaunchStoryboardName = LaunchScreen;
				INFOPLIST_KEY_UIMainStoryboardFile = Main;
				INFOPLIST_KEY_UISupportedInterfaceOrientations_iPad = "UIInterfaceOrientationPortrait UIInterfaceOrientationPortraitUpsideDown UIInterfaceOrientationLandscapeLeft UIInterfaceOrientationLandscapeRight";
				INFOPLIST_KEY_UISupportedInterfaceOrientations_iPhone = "UIInterfaceOrientationPortrait UIInterfaceOrientationLandscapeLeft UIInterfaceOrientationLandscapeRight";
				IPHONEOS_DEPLOYMENT_TARGET = 12.0;
				LD_RUNPATH_SEARCH_PATHS = (
					"$(inherited)",
					"@executable_path/Frameworks",
				);
				MARKETING_VERSION = 1.0;
				PRODUCT_BUNDLE_IDENTIFIER = com.MeiTalk.Gardner;
				PRODUCT_NAME = "$(TARGET_NAME)";
				SWIFT_EMIT_LOC_STRINGS = YES;
				SWIFT_VERSION = 5.0;
				TARGETED_DEVICE_FAMILY = "1,2";
			};
			name = Debug;
		};
		08715A2F29EDEC7C002CB3F3 /* Release */ = {
			isa = XCBuildConfiguration;
			baseConfigurationReference = 7D2184E8DDC5FEBD0422E0D8 /* Pods-Gardner.release.xcconfig */;
			buildSettings = {
				ASSETCATALOG_COMPILER_APPICON_NAME = AppIcon;
				ASSETCATALOG_COMPILER_GLOBAL_ACCENT_COLOR_NAME = AccentColor;
				CODE_SIGN_STYLE = Automatic;
				CURRENT_PROJECT_VERSION = 1;
				GENERATE_INFOPLIST_FILE = YES;
				INFOPLIST_FILE = Gardner/Info.plist;
				INFOPLIST_KEY_CFBundleDisplayName = GreenCare;
				INFOPLIST_KEY_UIApplicationSupportsIndirectInputEvents = YES;
				INFOPLIST_KEY_UILaunchStoryboardName = LaunchScreen;
				INFOPLIST_KEY_UIMainStoryboardFile = Main;
				INFOPLIST_KEY_UISupportedInterfaceOrientations_iPad = "UIInterfaceOrientationPortrait UIInterfaceOrientationPortraitUpsideDown UIInterfaceOrientationLandscapeLeft UIInterfaceOrientationLandscapeRight";
				INFOPLIST_KEY_UISupportedInterfaceOrientations_iPhone = "UIInterfaceOrientationPortrait UIInterfaceOrientationLandscapeLeft UIInterfaceOrientationLandscapeRight";
				IPHONEOS_DEPLOYMENT_TARGET = 12.0;
				LD_RUNPATH_SEARCH_PATHS = (
					"$(inherited)",
					"@executable_path/Frameworks",
				);
				MARKETING_VERSION = 1.0;
				PRODUCT_BUNDLE_IDENTIFIER = com.MeiTalk.Gardner;
				PRODUCT_NAME = "$(TARGET_NAME)";
				SWIFT_EMIT_LOC_STRINGS = YES;
				SWIFT_VERSION = 5.0;
				TARGETED_DEVICE_FAMILY = "1,2";
			};
			name = Release;
		};
/* End XCBuildConfiguration section */

/* Begin XCConfigurationList section */
		08715A1429EDEC7C002CB3F3 /* Build configuration list for PBXProject "Gardner" */ = {
			isa = XCConfigurationList;
			buildConfigurations = (
				08715A2B29EDEC7C002CB3F3 /* Debug */,
				08715A2C29EDEC7C002CB3F3 /* Release */,
			);
			defaultConfigurationIsVisible = 0;
			defaultConfigurationName = Release;
		};
		08715A2D29EDEC7C002CB3F3 /* Build configuration list for PBXNativeTarget "Gardner" */ = {
			isa = XCConfigurationList;
			buildConfigurations = (
				08715A2E29EDEC7C002CB3F3 /* Debug */,
				08715A2F29EDEC7C002CB3F3 /* Release */,
			);
			defaultConfigurationIsVisible = 0;
			defaultConfigurationName = Release;
		};
/* End XCConfigurationList section */
	};
	rootObject = 08715A1129EDEC7C002CB3F3 /* Project object */;
}
